// !$*UTF8*$!
{
	archiveVersion = 1;
	classes = {
	};
	objectVersion = 55;
	objects = {

/* Begin PBXBuildFile section */
		1D38AAB113DA92787F2D230A /* Pods_TujuTests.framework in Frameworks */ = {isa = PBXBuildFile; fileRef = 17D0FE817E701BC6DE65C020 /* Pods_TujuTests.framework */; };
		752FC90628F92F8B00FBA82F /* PanelViewController.swift in Sources */ = {isa = PBXBuildFile; fileRef = 752FC90528F92F8B00FBA82F /* PanelViewController.swift */; };
		752FC90828F92FC200FBA82F /* LocationManager.swift in Sources */ = {isa = PBXBuildFile; fileRef = 752FC90728F92FC200FBA82F /* LocationManager.swift */; };
		919A0873C2627AB8CA083FC4 /* Pods_Tuju.framework in Frameworks */ = {isa = PBXBuildFile; fileRef = 384D670AF78D1F487AB2E36C /* Pods_Tuju.framework */; };
		BA4628150B3F114A13243CF8 /* Pods_Tuju_TujuUITests.framework in Frameworks */ = {isa = PBXBuildFile; fileRef = EBB02709D3DFDB0407B7D0E1 /* Pods_Tuju_TujuUITests.framework */; };
		D3567B2128FD22A300D84AB9 /* Tujuan.storyboard in Resources */ = {isa = PBXBuildFile; fileRef = D3567B2028FD22A300D84AB9 /* Tujuan.storyboard */; };
		D36911B828F7FB2100E993E1 /* AsalViewController.swift in Sources */ = {isa = PBXBuildFile; fileRef = D36911B728F7FB2100E993E1 /* AsalViewController.swift */; };
		D36911BA28F7FB3300E993E1 /* TujuanViewController.swift in Sources */ = {isa = PBXBuildFile; fileRef = D36911B928F7FB3300E993E1 /* TujuanViewController.swift */; };
		D36911BC28F801A800E993E1 /* Asal.storyboard in Resources */ = {isa = PBXBuildFile; fileRef = D36911BB28F801A700E993E1 /* Asal.storyboard */; };
		D36911BE28F944F100E993E1 /* RecommendationTableViewCell.swift in Sources */ = {isa = PBXBuildFile; fileRef = D36911BD28F944F100E993E1 /* RecommendationTableViewCell.swift */; };
		D388130828F563910062C702 /* AppDelegate.swift in Sources */ = {isa = PBXBuildFile; fileRef = D388130728F563910062C702 /* AppDelegate.swift */; };
		D388130A28F563910062C702 /* SceneDelegate.swift in Sources */ = {isa = PBXBuildFile; fileRef = D388130928F563910062C702 /* SceneDelegate.swift */; };
		D388130C28F563910062C702 /* MapViewController.swift in Sources */ = {isa = PBXBuildFile; fileRef = D388130B28F563910062C702 /* MapViewController.swift */; };
		D388130F28F563910062C702 /* Main.storyboard in Resources */ = {isa = PBXBuildFile; fileRef = D388130D28F563910062C702 /* Main.storyboard */; };
		D388131228F563910062C702 /* Tuju.xcdatamodeld in Sources */ = {isa = PBXBuildFile; fileRef = D388131028F563910062C702 /* Tuju.xcdatamodeld */; };
		D388131428F563920062C702 /* Assets.xcassets in Resources */ = {isa = PBXBuildFile; fileRef = D388131328F563920062C702 /* Assets.xcassets */; };
		D388131728F563920062C702 /* LaunchScreen.storyboard in Resources */ = {isa = PBXBuildFile; fileRef = D388131528F563920062C702 /* LaunchScreen.storyboard */; };
		D388132228F563920062C702 /* TujuTests.swift in Sources */ = {isa = PBXBuildFile; fileRef = D388132128F563920062C702 /* TujuTests.swift */; };
		D388132C28F563920062C702 /* TujuUITests.swift in Sources */ = {isa = PBXBuildFile; fileRef = D388132B28F563920062C702 /* TujuUITests.swift */; };
		D388132E28F563920062C702 /* TujuUITestsLaunchTests.swift in Sources */ = {isa = PBXBuildFile; fileRef = D388132D28F563920062C702 /* TujuUITestsLaunchTests.swift */; };
/* End PBXBuildFile section */

/* Begin PBXContainerItemProxy section */
		D388131E28F563920062C702 /* PBXContainerItemProxy */ = {
			isa = PBXContainerItemProxy;
			containerPortal = D38812FC28F563910062C702 /* Project object */;
			proxyType = 1;
			remoteGlobalIDString = D388130328F563910062C702;
			remoteInfo = Tuju;
		};
		D388132828F563920062C702 /* PBXContainerItemProxy */ = {
			isa = PBXContainerItemProxy;
			containerPortal = D38812FC28F563910062C702 /* Project object */;
			proxyType = 1;
			remoteGlobalIDString = D388130328F563910062C702;
			remoteInfo = Tuju;
		};
/* End PBXContainerItemProxy section */

/* Begin PBXCopyFilesBuildPhase section */
		752FC91428F9335200FBA82F /* Embed Frameworks */ = {
			isa = PBXCopyFilesBuildPhase;
			buildActionMask = 2147483647;
			dstPath = "";
			dstSubfolderSpec = 10;
			files = (
			);
			name = "Embed Frameworks";
			runOnlyForDeploymentPostprocessing = 0;
		};
/* End PBXCopyFilesBuildPhase section */

/* Begin PBXFileReference section */
		17D0FE817E701BC6DE65C020 /* Pods_TujuTests.framework */ = {isa = PBXFileReference; explicitFileType = wrapper.framework; includeInIndex = 0; path = Pods_TujuTests.framework; sourceTree = BUILT_PRODUCTS_DIR; };
		1E9F4BA7C67E066374FFDA64 /* Pods-TujuTests.debug.xcconfig */ = {isa = PBXFileReference; includeInIndex = 1; lastKnownFileType = text.xcconfig; name = "Pods-TujuTests.debug.xcconfig"; path = "Target Support Files/Pods-TujuTests/Pods-TujuTests.debug.xcconfig"; sourceTree = "<group>"; };
		27FFA1984F9BE89A5680870B /* Pods-Tuju-TujuUITests.debug.xcconfig */ = {isa = PBXFileReference; includeInIndex = 1; lastKnownFileType = text.xcconfig; name = "Pods-Tuju-TujuUITests.debug.xcconfig"; path = "Target Support Files/Pods-Tuju-TujuUITests/Pods-Tuju-TujuUITests.debug.xcconfig"; sourceTree = "<group>"; };
		384D670AF78D1F487AB2E36C /* Pods_Tuju.framework */ = {isa = PBXFileReference; explicitFileType = wrapper.framework; includeInIndex = 0; path = Pods_Tuju.framework; sourceTree = BUILT_PRODUCTS_DIR; };
		752FC90128F92E8900FBA82F /* FloatingPanel.framework */ = {isa = PBXFileReference; explicitFileType = wrapper.framework; path = FloatingPanel.framework; sourceTree = BUILT_PRODUCTS_DIR; };
		752FC90528F92F8B00FBA82F /* PanelViewController.swift */ = {isa = PBXFileReference; lastKnownFileType = sourcecode.swift; path = PanelViewController.swift; sourceTree = "<group>"; };
		752FC90728F92FC200FBA82F /* LocationManager.swift */ = {isa = PBXFileReference; lastKnownFileType = sourcecode.swift; path = LocationManager.swift; sourceTree = "<group>"; };
		752FC90928F931B300FBA82F /* FloatingPanel.framework */ = {isa = PBXFileReference; explicitFileType = wrapper.framework; path = FloatingPanel.framework; sourceTree = BUILT_PRODUCTS_DIR; };
		752FC90D28F9333A00FBA82F /* FloatingPanel.framework */ = {isa = PBXFileReference; explicitFileType = wrapper.framework; path = FloatingPanel.framework; sourceTree = BUILT_PRODUCTS_DIR; };
		752FC91128F9335200FBA82F /* FloatingPanel.framework */ = {isa = PBXFileReference; explicitFileType = wrapper.framework; path = FloatingPanel.framework; sourceTree = BUILT_PRODUCTS_DIR; };
		86CC304CE8A9C55B93D71FEA /* Pods-Tuju.release.xcconfig */ = {isa = PBXFileReference; includeInIndex = 1; lastKnownFileType = text.xcconfig; name = "Pods-Tuju.release.xcconfig"; path = "Target Support Files/Pods-Tuju/Pods-Tuju.release.xcconfig"; sourceTree = "<group>"; };
		9FA4455FC2C6CB1BEDBF69C2 /* Pods-Tuju-TujuUITests.release.xcconfig */ = {isa = PBXFileReference; includeInIndex = 1; lastKnownFileType = text.xcconfig; name = "Pods-Tuju-TujuUITests.release.xcconfig"; path = "Target Support Files/Pods-Tuju-TujuUITests/Pods-Tuju-TujuUITests.release.xcconfig"; sourceTree = "<group>"; };
		A1C7EDE928D6BFC65EDA4743 /* Pods-Tuju.debug.xcconfig */ = {isa = PBXFileReference; includeInIndex = 1; lastKnownFileType = text.xcconfig; name = "Pods-Tuju.debug.xcconfig"; path = "Target Support Files/Pods-Tuju/Pods-Tuju.debug.xcconfig"; sourceTree = "<group>"; };
		D3567B2028FD22A300D84AB9 /* Tujuan.storyboard */ = {isa = PBXFileReference; lastKnownFileType = file.storyboard; path = Tujuan.storyboard; sourceTree = "<group>"; };
		D36911B728F7FB2100E993E1 /* AsalViewController.swift */ = {isa = PBXFileReference; lastKnownFileType = sourcecode.swift; path = AsalViewController.swift; sourceTree = "<group>"; };
		D36911B928F7FB3300E993E1 /* TujuanViewController.swift */ = {isa = PBXFileReference; lastKnownFileType = sourcecode.swift; path = TujuanViewController.swift; sourceTree = "<group>"; };
		D36911BB28F801A700E993E1 /* Asal.storyboard */ = {isa = PBXFileReference; lastKnownFileType = file.storyboard; path = Asal.storyboard; sourceTree = "<group>"; };
		D36911BD28F944F100E993E1 /* RecommendationTableViewCell.swift */ = {isa = PBXFileReference; lastKnownFileType = sourcecode.swift; path = RecommendationTableViewCell.swift; sourceTree = "<group>"; };
		D388130428F563910062C702 /* Tuju.app */ = {isa = PBXFileReference; explicitFileType = wrapper.application; includeInIndex = 0; path = Tuju.app; sourceTree = BUILT_PRODUCTS_DIR; };
		D388130728F563910062C702 /* AppDelegate.swift */ = {isa = PBXFileReference; lastKnownFileType = sourcecode.swift; path = AppDelegate.swift; sourceTree = "<group>"; };
		D388130928F563910062C702 /* SceneDelegate.swift */ = {isa = PBXFileReference; lastKnownFileType = sourcecode.swift; path = SceneDelegate.swift; sourceTree = "<group>"; };
		D388130B28F563910062C702 /* MapViewController.swift */ = {isa = PBXFileReference; lastKnownFileType = sourcecode.swift; path = MapViewController.swift; sourceTree = "<group>"; };
		D388130E28F563910062C702 /* Base */ = {isa = PBXFileReference; lastKnownFileType = file.storyboard; name = Base; path = Base.lproj/Main.storyboard; sourceTree = "<group>"; };
		D388131128F563910062C702 /* Tuju.xcdatamodel */ = {isa = PBXFileReference; lastKnownFileType = wrapper.xcdatamodel; path = Tuju.xcdatamodel; sourceTree = "<group>"; };
		D388131328F563920062C702 /* Assets.xcassets */ = {isa = PBXFileReference; lastKnownFileType = folder.assetcatalog; path = Assets.xcassets; sourceTree = "<group>"; };
		D388131628F563920062C702 /* Base */ = {isa = PBXFileReference; lastKnownFileType = file.storyboard; name = Base; path = Base.lproj/LaunchScreen.storyboard; sourceTree = "<group>"; };
		D388131828F563920062C702 /* Info.plist */ = {isa = PBXFileReference; lastKnownFileType = text.plist.xml; path = Info.plist; sourceTree = "<group>"; };
		D388131D28F563920062C702 /* TujuTests.xctest */ = {isa = PBXFileReference; explicitFileType = wrapper.cfbundle; includeInIndex = 0; path = TujuTests.xctest; sourceTree = BUILT_PRODUCTS_DIR; };
		D388132128F563920062C702 /* TujuTests.swift */ = {isa = PBXFileReference; lastKnownFileType = sourcecode.swift; path = TujuTests.swift; sourceTree = "<group>"; };
		D388132728F563920062C702 /* TujuUITests.xctest */ = {isa = PBXFileReference; explicitFileType = wrapper.cfbundle; includeInIndex = 0; path = TujuUITests.xctest; sourceTree = BUILT_PRODUCTS_DIR; };
		D388132B28F563920062C702 /* TujuUITests.swift */ = {isa = PBXFileReference; lastKnownFileType = sourcecode.swift; path = TujuUITests.swift; sourceTree = "<group>"; };
		D388132D28F563920062C702 /* TujuUITestsLaunchTests.swift */ = {isa = PBXFileReference; lastKnownFileType = sourcecode.swift; path = TujuUITestsLaunchTests.swift; sourceTree = "<group>"; };
		D79D269B0906DCA3E6582594 /* Pods-TujuTests.release.xcconfig */ = {isa = PBXFileReference; includeInIndex = 1; lastKnownFileType = text.xcconfig; name = "Pods-TujuTests.release.xcconfig"; path = "Target Support Files/Pods-TujuTests/Pods-TujuTests.release.xcconfig"; sourceTree = "<group>"; };
		EBB02709D3DFDB0407B7D0E1 /* Pods_Tuju_TujuUITests.framework */ = {isa = PBXFileReference; explicitFileType = wrapper.framework; includeInIndex = 0; path = Pods_Tuju_TujuUITests.framework; sourceTree = BUILT_PRODUCTS_DIR; };
/* End PBXFileReference section */

/* Begin PBXFrameworksBuildPhase section */
		D388130128F563910062C702 /* Frameworks */ = {
			isa = PBXFrameworksBuildPhase;
			buildActionMask = 2147483647;
			files = (
				919A0873C2627AB8CA083FC4 /* Pods_Tuju.framework in Frameworks */,
			);
			runOnlyForDeploymentPostprocessing = 0;
		};
		D388131A28F563920062C702 /* Frameworks */ = {
			isa = PBXFrameworksBuildPhase;
			buildActionMask = 2147483647;
			files = (
				1D38AAB113DA92787F2D230A /* Pods_TujuTests.framework in Frameworks */,
			);
			runOnlyForDeploymentPostprocessing = 0;
		};
		D388132428F563920062C702 /* Frameworks */ = {
			isa = PBXFrameworksBuildPhase;
			buildActionMask = 2147483647;
			files = (
				BA4628150B3F114A13243CF8 /* Pods_Tuju_TujuUITests.framework in Frameworks */,
			);
			runOnlyForDeploymentPostprocessing = 0;
		};
/* End PBXFrameworksBuildPhase section */

/* Begin PBXGroup section */
		2CADD08A7BBE1E91414C0904 /* Pods */ = {
			isa = PBXGroup;
			children = (
				A1C7EDE928D6BFC65EDA4743 /* Pods-Tuju.debug.xcconfig */,
				86CC304CE8A9C55B93D71FEA /* Pods-Tuju.release.xcconfig */,
				27FFA1984F9BE89A5680870B /* Pods-Tuju-TujuUITests.debug.xcconfig */,
				9FA4455FC2C6CB1BEDBF69C2 /* Pods-Tuju-TujuUITests.release.xcconfig */,
				1E9F4BA7C67E066374FFDA64 /* Pods-TujuTests.debug.xcconfig */,
				D79D269B0906DCA3E6582594 /* Pods-TujuTests.release.xcconfig */,
			);
			path = Pods;
			sourceTree = "<group>";
		};
		98959F0521C4B648F3EBF3E6 /* Frameworks */ = {
			isa = PBXGroup;
			children = (
				752FC91128F9335200FBA82F /* FloatingPanel.framework */,
				752FC90D28F9333A00FBA82F /* FloatingPanel.framework */,
				752FC90928F931B300FBA82F /* FloatingPanel.framework */,
				752FC90128F92E8900FBA82F /* FloatingPanel.framework */,
				384D670AF78D1F487AB2E36C /* Pods_Tuju.framework */,
				EBB02709D3DFDB0407B7D0E1 /* Pods_Tuju_TujuUITests.framework */,
				17D0FE817E701BC6DE65C020 /* Pods_TujuTests.framework */,
			);
			name = Frameworks;
			sourceTree = "<group>";
		};
		D38812FB28F563910062C702 = {
			isa = PBXGroup;
			children = (
				D388130628F563910062C702 /* Tuju */,
				D388132028F563920062C702 /* TujuTests */,
				D388132A28F563920062C702 /* TujuUITests */,
				D388130528F563910062C702 /* Products */,
				2CADD08A7BBE1E91414C0904 /* Pods */,
				98959F0521C4B648F3EBF3E6 /* Frameworks */,
			);
			sourceTree = "<group>";
		};
		D388130528F563910062C702 /* Products */ = {
			isa = PBXGroup;
			children = (
				D388130428F563910062C702 /* Tuju.app */,
				D388131D28F563920062C702 /* TujuTests.xctest */,
				D388132728F563920062C702 /* TujuUITests.xctest */,
			);
			name = Products;
			sourceTree = "<group>";
		};
		D388130628F563910062C702 /* Tuju */ = {
			isa = PBXGroup;
			children = (
				D388130728F563910062C702 /* AppDelegate.swift */,
				D388130928F563910062C702 /* SceneDelegate.swift */,
				752FC90728F92FC200FBA82F /* LocationManager.swift */,
				752FC90528F92F8B00FBA82F /* PanelViewController.swift */,
				D388130B28F563910062C702 /* MapViewController.swift */,
				D388130D28F563910062C702 /* Main.storyboard */,
				D388131328F563920062C702 /* Assets.xcassets */,
				D388131528F563920062C702 /* LaunchScreen.storyboard */,
				D388131828F563920062C702 /* Info.plist */,
				D388131028F563910062C702 /* Tuju.xcdatamodeld */,
				D36911B728F7FB2100E993E1 /* AsalViewController.swift */,
				D36911B928F7FB3300E993E1 /* TujuanViewController.swift */,
				D36911BB28F801A700E993E1 /* Asal.storyboard */,
				D36911BD28F944F100E993E1 /* RecommendationTableViewCell.swift */,
				D3567B2028FD22A300D84AB9 /* Tujuan.storyboard */,
			);
			path = Tuju;
			sourceTree = "<group>";
		};
		D388132028F563920062C702 /* TujuTests */ = {
			isa = PBXGroup;
			children = (
				D388132128F563920062C702 /* TujuTests.swift */,
			);
			path = TujuTests;
			sourceTree = "<group>";
		};
		D388132A28F563920062C702 /* TujuUITests */ = {
			isa = PBXGroup;
			children = (
				D388132B28F563920062C702 /* TujuUITests.swift */,
				D388132D28F563920062C702 /* TujuUITestsLaunchTests.swift */,
			);
			path = TujuUITests;
			sourceTree = "<group>";
		};
/* End PBXGroup section */

/* Begin PBXNativeTarget section */
		D388130328F563910062C702 /* Tuju */ = {
			isa = PBXNativeTarget;
			buildConfigurationList = D388133128F563920062C702 /* Build configuration list for PBXNativeTarget "Tuju" */;
			buildPhases = (
				1E63E0E567A75093D69ACB79 /* [CP] Check Pods Manifest.lock */,
				D388130028F563910062C702 /* Sources */,
				D388130128F563910062C702 /* Frameworks */,
				D388130228F563910062C702 /* Resources */,
				752FC91428F9335200FBA82F /* Embed Frameworks */,
				080A0258EDE8C654F2C318F6 /* [CP] Embed Pods Frameworks */,
				EDD73F0E36FF16119D147705 /* [CP] Copy Pods Resources */,
			);
			buildRules = (
			);
			dependencies = (
			);
			name = Tuju;
			productName = Tuju;
			productReference = D388130428F563910062C702 /* Tuju.app */;
			productType = "com.apple.product-type.application";
		};
		D388131C28F563920062C702 /* TujuTests */ = {
			isa = PBXNativeTarget;
			buildConfigurationList = D388133428F563920062C702 /* Build configuration list for PBXNativeTarget "TujuTests" */;
			buildPhases = (
				6C29B43891566C7BD8D97F30 /* [CP] Check Pods Manifest.lock */,
				D388131928F563920062C702 /* Sources */,
				D388131A28F563920062C702 /* Frameworks */,
				D388131B28F563920062C702 /* Resources */,
			);
			buildRules = (
			);
			dependencies = (
				D388131F28F563920062C702 /* PBXTargetDependency */,
			);
			name = TujuTests;
			productName = TujuTests;
			productReference = D388131D28F563920062C702 /* TujuTests.xctest */;
			productType = "com.apple.product-type.bundle.unit-test";
		};
		D388132628F563920062C702 /* TujuUITests */ = {
			isa = PBXNativeTarget;
			buildConfigurationList = D388133728F563920062C702 /* Build configuration list for PBXNativeTarget "TujuUITests" */;
			buildPhases = (
				E3ACEE5A29CB20F3B7B8A571 /* [CP] Check Pods Manifest.lock */,
				D388132328F563920062C702 /* Sources */,
				D388132428F563920062C702 /* Frameworks */,
				D388132528F563920062C702 /* Resources */,
				A04C45C1793AD52011CE0882 /* [CP] Embed Pods Frameworks */,
				D5088D6EA11AD9B4C2B0E5ED /* [CP] Copy Pods Resources */,
			);
			buildRules = (
			);
			dependencies = (
				D388132928F563920062C702 /* PBXTargetDependency */,
			);
			name = TujuUITests;
			productName = TujuUITests;
			productReference = D388132728F563920062C702 /* TujuUITests.xctest */;
			productType = "com.apple.product-type.bundle.ui-testing";
		};
/* End PBXNativeTarget section */

/* Begin PBXProject section */
		D38812FC28F563910062C702 /* Project object */ = {
			isa = PBXProject;
			attributes = {
				BuildIndependentTargetsInParallel = 1;
				LastSwiftUpdateCheck = 1400;
				LastUpgradeCheck = 1400;
				TargetAttributes = {
					D388130328F563910062C702 = {
						CreatedOnToolsVersion = 14.0.1;
					};
					D388131C28F563920062C702 = {
						CreatedOnToolsVersion = 14.0.1;
						TestTargetID = D388130328F563910062C702;
					};
					D388132628F563920062C702 = {
						CreatedOnToolsVersion = 14.0.1;
						TestTargetID = D388130328F563910062C702;
					};
				};
			};
			buildConfigurationList = D38812FF28F563910062C702 /* Build configuration list for PBXProject "Tuju" */;
			compatibilityVersion = "Xcode 13.0";
			developmentRegion = en;
			hasScannedForEncodings = 0;
			knownRegions = (
				en,
				Base,
			);
			mainGroup = D38812FB28F563910062C702;
			packageReferences = (
				752FC91528F9367E00FBA82F /* XCRemoteSwiftPackageReference "FloatingPanel" */,
			);
			productRefGroup = D388130528F563910062C702 /* Products */;
			projectDirPath = "";
			projectRoot = "";
			targets = (
				D388130328F563910062C702 /* Tuju */,
				D388131C28F563920062C702 /* TujuTests */,
				D388132628F563920062C702 /* TujuUITests */,
			);
		};
/* End PBXProject section */

/* Begin PBXResourcesBuildPhase section */
		D388130228F563910062C702 /* Resources */ = {
			isa = PBXResourcesBuildPhase;
			buildActionMask = 2147483647;
			files = (
				D388131728F563920062C702 /* LaunchScreen.storyboard in Resources */,
				D388131428F563920062C702 /* Assets.xcassets in Resources */,
				D388130F28F563910062C702 /* Main.storyboard in Resources */,
				D3567B2128FD22A300D84AB9 /* Tujuan.storyboard in Resources */,
				D36911BC28F801A800E993E1 /* Asal.storyboard in Resources */,
			);
			runOnlyForDeploymentPostprocessing = 0;
		};
		D388131B28F563920062C702 /* Resources */ = {
			isa = PBXResourcesBuildPhase;
			buildActionMask = 2147483647;
			files = (
			);
			runOnlyForDeploymentPostprocessing = 0;
		};
		D388132528F563920062C702 /* Resources */ = {
			isa = PBXResourcesBuildPhase;
			buildActionMask = 2147483647;
			files = (
			);
			runOnlyForDeploymentPostprocessing = 0;
		};
/* End PBXResourcesBuildPhase section */

/* Begin PBXShellScriptBuildPhase section */
		080A0258EDE8C654F2C318F6 /* [CP] Embed Pods Frameworks */ = {
			isa = PBXShellScriptBuildPhase;
			buildActionMask = 2147483647;
			files = (
			);
			inputFileListPaths = (
				"${PODS_ROOT}/Target Support Files/Pods-Tuju/Pods-Tuju-frameworks-${CONFIGURATION}-input-files.xcfilelist",
			);
			name = "[CP] Embed Pods Frameworks";
			outputFileListPaths = (
				"${PODS_ROOT}/Target Support Files/Pods-Tuju/Pods-Tuju-frameworks-${CONFIGURATION}-output-files.xcfilelist",
			);
			runOnlyForDeploymentPostprocessing = 0;
			shellPath = /bin/sh;
			shellScript = "\"${PODS_ROOT}/Target Support Files/Pods-Tuju/Pods-Tuju-frameworks.sh\"\n";
			showEnvVarsInLog = 0;
		};
		1E63E0E567A75093D69ACB79 /* [CP] Check Pods Manifest.lock */ = {
			isa = PBXShellScriptBuildPhase;
			buildActionMask = 2147483647;
			files = (
			);
			inputFileListPaths = (
			);
			inputPaths = (
				"${PODS_PODFILE_DIR_PATH}/Podfile.lock",
				"${PODS_ROOT}/Manifest.lock",
			);
			name = "[CP] Check Pods Manifest.lock";
			outputFileListPaths = (
			);
			outputPaths = (
				"$(DERIVED_FILE_DIR)/Pods-Tuju-checkManifestLockResult.txt",
			);
			runOnlyForDeploymentPostprocessing = 0;
			shellPath = /bin/sh;
			shellScript = "diff \"${PODS_PODFILE_DIR_PATH}/Podfile.lock\" \"${PODS_ROOT}/Manifest.lock\" > /dev/null\nif [ $? != 0 ] ; then\n    # print error to STDERR\n    echo \"error: The sandbox is not in sync with the Podfile.lock. Run 'pod install' or update your CocoaPods installation.\" >&2\n    exit 1\nfi\n# This output is used by Xcode 'outputs' to avoid re-running this script phase.\necho \"SUCCESS\" > \"${SCRIPT_OUTPUT_FILE_0}\"\n";
			showEnvVarsInLog = 0;
		};
		6C29B43891566C7BD8D97F30 /* [CP] Check Pods Manifest.lock */ = {
			isa = PBXShellScriptBuildPhase;
			buildActionMask = 2147483647;
			files = (
			);
			inputFileListPaths = (
			);
			inputPaths = (
				"${PODS_PODFILE_DIR_PATH}/Podfile.lock",
				"${PODS_ROOT}/Manifest.lock",
			);
			name = "[CP] Check Pods Manifest.lock";
			outputFileListPaths = (
			);
			outputPaths = (
				"$(DERIVED_FILE_DIR)/Pods-TujuTests-checkManifestLockResult.txt",
			);
			runOnlyForDeploymentPostprocessing = 0;
			shellPath = /bin/sh;
			shellScript = "diff \"${PODS_PODFILE_DIR_PATH}/Podfile.lock\" \"${PODS_ROOT}/Manifest.lock\" > /dev/null\nif [ $? != 0 ] ; then\n    # print error to STDERR\n    echo \"error: The sandbox is not in sync with the Podfile.lock. Run 'pod install' or update your CocoaPods installation.\" >&2\n    exit 1\nfi\n# This output is used by Xcode 'outputs' to avoid re-running this script phase.\necho \"SUCCESS\" > \"${SCRIPT_OUTPUT_FILE_0}\"\n";
			showEnvVarsInLog = 0;
		};
		A04C45C1793AD52011CE0882 /* [CP] Embed Pods Frameworks */ = {
			isa = PBXShellScriptBuildPhase;
			buildActionMask = 2147483647;
			files = (
			);
			inputFileListPaths = (
				"${PODS_ROOT}/Target Support Files/Pods-Tuju-TujuUITests/Pods-Tuju-TujuUITests-frameworks-${CONFIGURATION}-input-files.xcfilelist",
			);
			name = "[CP] Embed Pods Frameworks";
			outputFileListPaths = (
				"${PODS_ROOT}/Target Support Files/Pods-Tuju-TujuUITests/Pods-Tuju-TujuUITests-frameworks-${CONFIGURATION}-output-files.xcfilelist",
			);
			runOnlyForDeploymentPostprocessing = 0;
			shellPath = /bin/sh;
			shellScript = "\"${PODS_ROOT}/Target Support Files/Pods-Tuju-TujuUITests/Pods-Tuju-TujuUITests-frameworks.sh\"\n";
			showEnvVarsInLog = 0;
		};
		D5088D6EA11AD9B4C2B0E5ED /* [CP] Copy Pods Resources */ = {
			isa = PBXShellScriptBuildPhase;
			buildActionMask = 2147483647;
			files = (
			);
			inputFileListPaths = (
				"${PODS_ROOT}/Target Support Files/Pods-Tuju-TujuUITests/Pods-Tuju-TujuUITests-resources-${CONFIGURATION}-input-files.xcfilelist",
			);
			name = "[CP] Copy Pods Resources";
			outputFileListPaths = (
				"${PODS_ROOT}/Target Support Files/Pods-Tuju-TujuUITests/Pods-Tuju-TujuUITests-resources-${CONFIGURATION}-output-files.xcfilelist",
			);
			runOnlyForDeploymentPostprocessing = 0;
			shellPath = /bin/sh;
			shellScript = "\"${PODS_ROOT}/Target Support Files/Pods-Tuju-TujuUITests/Pods-Tuju-TujuUITests-resources.sh\"\n";
			showEnvVarsInLog = 0;
		};
		E3ACEE5A29CB20F3B7B8A571 /* [CP] Check Pods Manifest.lock */ = {
			isa = PBXShellScriptBuildPhase;
			buildActionMask = 2147483647;
			files = (
			);
			inputFileListPaths = (
			);
			inputPaths = (
				"${PODS_PODFILE_DIR_PATH}/Podfile.lock",
				"${PODS_ROOT}/Manifest.lock",
			);
			name = "[CP] Check Pods Manifest.lock";
			outputFileListPaths = (
			);
			outputPaths = (
				"$(DERIVED_FILE_DIR)/Pods-Tuju-TujuUITests-checkManifestLockResult.txt",
			);
			runOnlyForDeploymentPostprocessing = 0;
			shellPath = /bin/sh;
			shellScript = "diff \"${PODS_PODFILE_DIR_PATH}/Podfile.lock\" \"${PODS_ROOT}/Manifest.lock\" > /dev/null\nif [ $? != 0 ] ; then\n    # print error to STDERR\n    echo \"error: The sandbox is not in sync with the Podfile.lock. Run 'pod install' or update your CocoaPods installation.\" >&2\n    exit 1\nfi\n# This output is used by Xcode 'outputs' to avoid re-running this script phase.\necho \"SUCCESS\" > \"${SCRIPT_OUTPUT_FILE_0}\"\n";
			showEnvVarsInLog = 0;
		};
		EDD73F0E36FF16119D147705 /* [CP] Copy Pods Resources */ = {
			isa = PBXShellScriptBuildPhase;
			buildActionMask = 2147483647;
			files = (
			);
			inputFileListPaths = (
				"${PODS_ROOT}/Target Support Files/Pods-Tuju/Pods-Tuju-resources-${CONFIGURATION}-input-files.xcfilelist",
			);
			name = "[CP] Copy Pods Resources";
			outputFileListPaths = (
				"${PODS_ROOT}/Target Support Files/Pods-Tuju/Pods-Tuju-resources-${CONFIGURATION}-output-files.xcfilelist",
			);
			runOnlyForDeploymentPostprocessing = 0;
			shellPath = /bin/sh;
			shellScript = "\"${PODS_ROOT}/Target Support Files/Pods-Tuju/Pods-Tuju-resources.sh\"\n";
			showEnvVarsInLog = 0;
		};
/* End PBXShellScriptBuildPhase section */

/* Begin PBXSourcesBuildPhase section */
		D388130028F563910062C702 /* Sources */ = {
			isa = PBXSourcesBuildPhase;
			buildActionMask = 2147483647;
			files = (
				D388130C28F563910062C702 /* MapViewController.swift in Sources */,
				752FC90628F92F8B00FBA82F /* PanelViewController.swift in Sources */,
				D36911BA28F7FB3300E993E1 /* TujuanViewController.swift in Sources */,
				D388131228F563910062C702 /* Tuju.xcdatamodeld in Sources */,
				752FC90828F92FC200FBA82F /* LocationManager.swift in Sources */,
				D36911B828F7FB2100E993E1 /* AsalViewController.swift in Sources */,
				D388130828F563910062C702 /* AppDelegate.swift in Sources */,
				D36911BE28F944F100E993E1 /* RecommendationTableViewCell.swift in Sources */,
				D388130A28F563910062C702 /* SceneDelegate.swift in Sources */,
			);
			runOnlyForDeploymentPostprocessing = 0;
		};
		D388131928F563920062C702 /* Sources */ = {
			isa = PBXSourcesBuildPhase;
			buildActionMask = 2147483647;
			files = (
				D388132228F563920062C702 /* TujuTests.swift in Sources */,
			);
			runOnlyForDeploymentPostprocessing = 0;
		};
		D388132328F563920062C702 /* Sources */ = {
			isa = PBXSourcesBuildPhase;
			buildActionMask = 2147483647;
			files = (
				D388132E28F563920062C702 /* TujuUITestsLaunchTests.swift in Sources */,
				D388132C28F563920062C702 /* TujuUITests.swift in Sources */,
			);
			runOnlyForDeploymentPostprocessing = 0;
		};
/* End PBXSourcesBuildPhase section */

/* Begin PBXTargetDependency section */
		D388131F28F563920062C702 /* PBXTargetDependency */ = {
			isa = PBXTargetDependency;
			target = D388130328F563910062C702 /* Tuju */;
			targetProxy = D388131E28F563920062C702 /* PBXContainerItemProxy */;
		};
		D388132928F563920062C702 /* PBXTargetDependency */ = {
			isa = PBXTargetDependency;
			target = D388130328F563910062C702 /* Tuju */;
			targetProxy = D388132828F563920062C702 /* PBXContainerItemProxy */;
		};
/* End PBXTargetDependency section */

/* Begin PBXVariantGroup section */
		D388130D28F563910062C702 /* Main.storyboard */ = {
			isa = PBXVariantGroup;
			children = (
				D388130E28F563910062C702 /* Base */,
			);
			name = Main.storyboard;
			sourceTree = "<group>";
		};
		D388131528F563920062C702 /* LaunchScreen.storyboard */ = {
			isa = PBXVariantGroup;
			children = (
				D388131628F563920062C702 /* Base */,
			);
			name = LaunchScreen.storyboard;
			sourceTree = "<group>";
		};
/* End PBXVariantGroup section */

/* Begin XCBuildConfiguration section */
		D388132F28F563920062C702 /* Debug */ = {
			isa = XCBuildConfiguration;
			buildSettings = {
				ALWAYS_SEARCH_USER_PATHS = NO;
				CLANG_ANALYZER_NONNULL = YES;
				CLANG_ANALYZER_NUMBER_OBJECT_CONVERSION = YES_AGGRESSIVE;
				CLANG_CXX_LANGUAGE_STANDARD = "gnu++20";
				CLANG_ENABLE_MODULES = YES;
				CLANG_ENABLE_OBJC_ARC = YES;
				CLANG_ENABLE_OBJC_WEAK = YES;
				CLANG_WARN_BLOCK_CAPTURE_AUTORELEASING = YES;
				CLANG_WARN_BOOL_CONVERSION = YES;
				CLANG_WARN_COMMA = YES;
				CLANG_WARN_CONSTANT_CONVERSION = YES;
				CLANG_WARN_DEPRECATED_OBJC_IMPLEMENTATIONS = YES;
				CLANG_WARN_DIRECT_OBJC_ISA_USAGE = YES_ERROR;
				CLANG_WARN_DOCUMENTATION_COMMENTS = YES;
				CLANG_WARN_EMPTY_BODY = YES;
				CLANG_WARN_ENUM_CONVERSION = YES;
				CLANG_WARN_INFINITE_RECURSION = YES;
				CLANG_WARN_INT_CONVERSION = YES;
				CLANG_WARN_NON_LITERAL_NULL_CONVERSION = YES;
				CLANG_WARN_OBJC_IMPLICIT_RETAIN_SELF = YES;
				CLANG_WARN_OBJC_LITERAL_CONVERSION = YES;
				CLANG_WARN_OBJC_ROOT_CLASS = YES_ERROR;
				CLANG_WARN_QUOTED_INCLUDE_IN_FRAMEWORK_HEADER = YES;
				CLANG_WARN_RANGE_LOOP_ANALYSIS = YES;
				CLANG_WARN_STRICT_PROTOTYPES = YES;
				CLANG_WARN_SUSPICIOUS_MOVE = YES;
				CLANG_WARN_UNGUARDED_AVAILABILITY = YES_AGGRESSIVE;
				CLANG_WARN_UNREACHABLE_CODE = YES;
				CLANG_WARN__DUPLICATE_METHOD_MATCH = YES;
				COPY_PHASE_STRIP = NO;
				DEBUG_INFORMATION_FORMAT = dwarf;
				ENABLE_STRICT_OBJC_MSGSEND = YES;
				ENABLE_TESTABILITY = YES;
				EXCLUDED_ARCHS = arm64;
				GCC_C_LANGUAGE_STANDARD = gnu11;
				GCC_DYNAMIC_NO_PIC = NO;
				GCC_NO_COMMON_BLOCKS = YES;
				GCC_OPTIMIZATION_LEVEL = 0;
				GCC_PREPROCESSOR_DEFINITIONS = (
					"DEBUG=1",
					"$(inherited)",
				);
				GCC_WARN_64_TO_32_BIT_CONVERSION = YES;
				GCC_WARN_ABOUT_RETURN_TYPE = YES_ERROR;
				GCC_WARN_UNDECLARED_SELECTOR = YES;
				GCC_WARN_UNINITIALIZED_AUTOS = YES_AGGRESSIVE;
				GCC_WARN_UNUSED_FUNCTION = YES;
				GCC_WARN_UNUSED_VARIABLE = YES;
				IPHONEOS_DEPLOYMENT_TARGET = 16.0;
				MTL_ENABLE_DEBUG_INFO = INCLUDE_SOURCE;
				MTL_FAST_MATH = YES;
				ONLY_ACTIVE_ARCH = YES;
				SDKROOT = iphoneos;
				SWIFT_ACTIVE_COMPILATION_CONDITIONS = DEBUG;
				SWIFT_OPTIMIZATION_LEVEL = "-Onone";
			};
			name = Debug;
		};
		D388133028F563920062C702 /* Release */ = {
			isa = XCBuildConfiguration;
			buildSettings = {
				ALWAYS_SEARCH_USER_PATHS = NO;
				CLANG_ANALYZER_NONNULL = YES;
				CLANG_ANALYZER_NUMBER_OBJECT_CONVERSION = YES_AGGRESSIVE;
				CLANG_CXX_LANGUAGE_STANDARD = "gnu++20";
				CLANG_ENABLE_MODULES = YES;
				CLANG_ENABLE_OBJC_ARC = YES;
				CLANG_ENABLE_OBJC_WEAK = YES;
				CLANG_WARN_BLOCK_CAPTURE_AUTORELEASING = YES;
				CLANG_WARN_BOOL_CONVERSION = YES;
				CLANG_WARN_COMMA = YES;
				CLANG_WARN_CONSTANT_CONVERSION = YES;
				CLANG_WARN_DEPRECATED_OBJC_IMPLEMENTATIONS = YES;
				CLANG_WARN_DIRECT_OBJC_ISA_USAGE = YES_ERROR;
				CLANG_WARN_DOCUMENTATION_COMMENTS = YES;
				CLANG_WARN_EMPTY_BODY = YES;
				CLANG_WARN_ENUM_CONVERSION = YES;
				CLANG_WARN_INFINITE_RECURSION = YES;
				CLANG_WARN_INT_CONVERSION = YES;
				CLANG_WARN_NON_LITERAL_NULL_CONVERSION = YES;
				CLANG_WARN_OBJC_IMPLICIT_RETAIN_SELF = YES;
				CLANG_WARN_OBJC_LITERAL_CONVERSION = YES;
				CLANG_WARN_OBJC_ROOT_CLASS = YES_ERROR;
				CLANG_WARN_QUOTED_INCLUDE_IN_FRAMEWORK_HEADER = YES;
				CLANG_WARN_RANGE_LOOP_ANALYSIS = YES;
				CLANG_WARN_STRICT_PROTOTYPES = YES;
				CLANG_WARN_SUSPICIOUS_MOVE = YES;
				CLANG_WARN_UNGUARDED_AVAILABILITY = YES_AGGRESSIVE;
				CLANG_WARN_UNREACHABLE_CODE = YES;
				CLANG_WARN__DUPLICATE_METHOD_MATCH = YES;
				COPY_PHASE_STRIP = NO;
				DEBUG_INFORMATION_FORMAT = "dwarf-with-dsym";
				ENABLE_NS_ASSERTIONS = NO;
				ENABLE_STRICT_OBJC_MSGSEND = YES;
				EXCLUDED_ARCHS = arm64;
				GCC_C_LANGUAGE_STANDARD = gnu11;
				GCC_NO_COMMON_BLOCKS = YES;
				GCC_WARN_64_TO_32_BIT_CONVERSION = YES;
				GCC_WARN_ABOUT_RETURN_TYPE = YES_ERROR;
				GCC_WARN_UNDECLARED_SELECTOR = YES;
				GCC_WARN_UNINITIALIZED_AUTOS = YES_AGGRESSIVE;
				GCC_WARN_UNUSED_FUNCTION = YES;
				GCC_WARN_UNUSED_VARIABLE = YES;
				IPHONEOS_DEPLOYMENT_TARGET = 16.0;
				MTL_ENABLE_DEBUG_INFO = NO;
				MTL_FAST_MATH = YES;
				SDKROOT = iphoneos;
				SWIFT_COMPILATION_MODE = wholemodule;
				SWIFT_OPTIMIZATION_LEVEL = "-O";
				VALIDATE_PRODUCT = YES;
			};
			name = Release;
		};
		D388133228F563920062C702 /* Debug */ = {
			isa = XCBuildConfiguration;
			baseConfigurationReference = A1C7EDE928D6BFC65EDA4743 /* Pods-Tuju.debug.xcconfig */;
			buildSettings = {
				ASSETCATALOG_COMPILER_APPICON_NAME = AppIcon;
				ASSETCATALOG_COMPILER_GLOBAL_ACCENT_COLOR_NAME = AccentColor;
				CODE_SIGN_STYLE = Automatic;
				CURRENT_PROJECT_VERSION = 1;
				DEVELOPMENT_TEAM = M92PY6MRJL;
				EXCLUDED_ARCHS = arm64;
				"EXCLUDED_ARCHS[sdk=*]" = arm64;
				GENERATE_INFOPLIST_FILE = YES;
				INFOPLIST_FILE = Tuju/Info.plist;
				INFOPLIST_KEY_NSLocationWhenInUseUsageDescription = "";
				INFOPLIST_KEY_UIApplicationSupportsIndirectInputEvents = YES;
				INFOPLIST_KEY_UILaunchStoryboardName = LaunchScreen;
				INFOPLIST_KEY_UIMainStoryboardFile = Main;
				INFOPLIST_KEY_UISupportedInterfaceOrientations_iPad = "UIInterfaceOrientationPortrait UIInterfaceOrientationPortraitUpsideDown UIInterfaceOrientationLandscapeLeft UIInterfaceOrientationLandscapeRight";
				INFOPLIST_KEY_UISupportedInterfaceOrientations_iPhone = "UIInterfaceOrientationPortrait UIInterfaceOrientationLandscapeLeft UIInterfaceOrientationLandscapeRight";
				LD_RUNPATH_SEARCH_PATHS = (
					"$(inherited)",
					"@executable_path/Frameworks",
				);
				MARKETING_VERSION = 1.0;
				PRODUCT_BUNDLE_IDENTIFIER = com.centsu.Tuju;
				PRODUCT_NAME = "$(TARGET_NAME)";
				SWIFT_EMIT_LOC_STRINGS = YES;
				SWIFT_VERSION = 5.0;
				TARGETED_DEVICE_FAMILY = "1,2";
			};
			name = Debug;
		};
		D388133328F563920062C702 /* Release */ = {
			isa = XCBuildConfiguration;
			baseConfigurationReference = 86CC304CE8A9C55B93D71FEA /* Pods-Tuju.release.xcconfig */;
			buildSettings = {
				ASSETCATALOG_COMPILER_APPICON_NAME = AppIcon;
				ASSETCATALOG_COMPILER_GLOBAL_ACCENT_COLOR_NAME = AccentColor;
				CODE_SIGN_STYLE = Automatic;
				CURRENT_PROJECT_VERSION = 1;
				DEVELOPMENT_TEAM = M92PY6MRJL;
				EXCLUDED_ARCHS = arm64;
				GENERATE_INFOPLIST_FILE = YES;
				INFOPLIST_FILE = Tuju/Info.plist;
				INFOPLIST_KEY_NSLocationWhenInUseUsageDescription = "";
				INFOPLIST_KEY_UIApplicationSupportsIndirectInputEvents = YES;
				INFOPLIST_KEY_UILaunchStoryboardName = LaunchScreen;
				INFOPLIST_KEY_UIMainStoryboardFile = Main;
				INFOPLIST_KEY_UISupportedInterfaceOrientations_iPad = "UIInterfaceOrientationPortrait UIInterfaceOrientationPortraitUpsideDown UIInterfaceOrientationLandscapeLeft UIInterfaceOrientationLandscapeRight";
				INFOPLIST_KEY_UISupportedInterfaceOrientations_iPhone = "UIInterfaceOrientationPortrait UIInterfaceOrientationLandscapeLeft UIInterfaceOrientationLandscapeRight";
				LD_RUNPATH_SEARCH_PATHS = (
					"$(inherited)",
					"@executable_path/Frameworks",
				);
				MARKETING_VERSION = 1.0;
				PRODUCT_BUNDLE_IDENTIFIER = com.centsu.Tuju;
				PRODUCT_NAME = "$(TARGET_NAME)";
				SWIFT_EMIT_LOC_STRINGS = YES;
				SWIFT_VERSION = 5.0;
				TARGETED_DEVICE_FAMILY = "1,2";
			};
			name = Release;
		};
		D388133528F563920062C702 /* Debug */ = {
			isa = XCBuildConfiguration;
			baseConfigurationReference = 1E9F4BA7C67E066374FFDA64 /* Pods-TujuTests.debug.xcconfig */;
			buildSettings = {
				ALWAYS_EMBED_SWIFT_STANDARD_LIBRARIES = YES;
				BUNDLE_LOADER = "$(TEST_HOST)";
				CODE_SIGN_STYLE = Automatic;
				CURRENT_PROJECT_VERSION = 1;
				DEVELOPMENT_TEAM = 57324CTP27;
				GENERATE_INFOPLIST_FILE = YES;
				IPHONEOS_DEPLOYMENT_TARGET = 16.0;
				MARKETING_VERSION = 1.0;
				PRODUCT_BUNDLE_IDENTIFIER = com.centsu.TujuTests;
				PRODUCT_NAME = "$(TARGET_NAME)";
				SWIFT_EMIT_LOC_STRINGS = NO;
				SWIFT_VERSION = 5.0;
				TARGETED_DEVICE_FAMILY = "1,2";
				TEST_HOST = "$(BUILT_PRODUCTS_DIR)/Tuju.app/$(BUNDLE_EXECUTABLE_FOLDER_PATH)/Tuju";
			};
			name = Debug;
		};
		D388133628F563920062C702 /* Release */ = {
			isa = XCBuildConfiguration;
			baseConfigurationReference = D79D269B0906DCA3E6582594 /* Pods-TujuTests.release.xcconfig */;
			buildSettings = {
				ALWAYS_EMBED_SWIFT_STANDARD_LIBRARIES = YES;
				BUNDLE_LOADER = "$(TEST_HOST)";
				CODE_SIGN_STYLE = Automatic;
				CURRENT_PROJECT_VERSION = 1;
				DEVELOPMENT_TEAM = 57324CTP27;
				GENERATE_INFOPLIST_FILE = YES;
				IPHONEOS_DEPLOYMENT_TARGET = 16.0;
				MARKETING_VERSION = 1.0;
				PRODUCT_BUNDLE_IDENTIFIER = com.centsu.TujuTests;
				PRODUCT_NAME = "$(TARGET_NAME)";
				SWIFT_EMIT_LOC_STRINGS = NO;
				SWIFT_VERSION = 5.0;
				TARGETED_DEVICE_FAMILY = "1,2";
				TEST_HOST = "$(BUILT_PRODUCTS_DIR)/Tuju.app/$(BUNDLE_EXECUTABLE_FOLDER_PATH)/Tuju";
			};
			name = Release;
		};
		D388133828F563920062C702 /* Debug */ = {
			isa = XCBuildConfiguration;
			baseConfigurationReference = 27FFA1984F9BE89A5680870B /* Pods-Tuju-TujuUITests.debug.xcconfig */;
			buildSettings = {
				ALWAYS_EMBED_SWIFT_STANDARD_LIBRARIES = YES;
				CODE_SIGN_STYLE = Automatic;
				CURRENT_PROJECT_VERSION = 1;
				DEVELOPMENT_TEAM = 57324CTP27;
				GENERATE_INFOPLIST_FILE = YES;
				MARKETING_VERSION = 1.0;
				PRODUCT_BUNDLE_IDENTIFIER = com.centsu.TujuUITests;
				PRODUCT_NAME = "$(TARGET_NAME)";
				SWIFT_EMIT_LOC_STRINGS = NO;
				SWIFT_VERSION = 5.0;
				TARGETED_DEVICE_FAMILY = "1,2";
				TEST_TARGET_NAME = Tuju;
			};
			name = Debug;
		};
		D388133928F563920062C702 /* Release */ = {
			isa = XCBuildConfiguration;
			baseConfigurationReference = 9FA4455FC2C6CB1BEDBF69C2 /* Pods-Tuju-TujuUITests.release.xcconfig */;
			buildSettings = {
				ALWAYS_EMBED_SWIFT_STANDARD_LIBRARIES = YES;
				CODE_SIGN_STYLE = Automatic;
				CURRENT_PROJECT_VERSION = 1;
				DEVELOPMENT_TEAM = 57324CTP27;
				GENERATE_INFOPLIST_FILE = YES;
				MARKETING_VERSION = 1.0;
				PRODUCT_BUNDLE_IDENTIFIER = com.centsu.TujuUITests;
				PRODUCT_NAME = "$(TARGET_NAME)";
				SWIFT_EMIT_LOC_STRINGS = NO;
				SWIFT_VERSION = 5.0;
				TARGETED_DEVICE_FAMILY = "1,2";
				TEST_TARGET_NAME = Tuju;
			};
			name = Release;
		};
/* End XCBuildConfiguration section */

/* Begin XCConfigurationList section */
		D38812FF28F563910062C702 /* Build configuration list for PBXProject "Tuju" */ = {
			isa = XCConfigurationList;
			buildConfigurations = (
				D388132F28F563920062C702 /* Debug */,
				D388133028F563920062C702 /* Release */,
			);
			defaultConfigurationIsVisible = 0;
			defaultConfigurationName = Release;
		};
		D388133128F563920062C702 /* Build configuration list for PBXNativeTarget "Tuju" */ = {
			isa = XCConfigurationList;
			buildConfigurations = (
				D388133228F563920062C702 /* Debug */,
				D388133328F563920062C702 /* Release */,
			);
			defaultConfigurationIsVisible = 0;
			defaultConfigurationName = Release;
		};
		D388133428F563920062C702 /* Build configuration list for PBXNativeTarget "TujuTests" */ = {
			isa = XCConfigurationList;
			buildConfigurations = (
				D388133528F563920062C702 /* Debug */,
				D388133628F563920062C702 /* Release */,
			);
			defaultConfigurationIsVisible = 0;
			defaultConfigurationName = Release;
		};
		D388133728F563920062C702 /* Build configuration list for PBXNativeTarget "TujuUITests" */ = {
			isa = XCConfigurationList;
			buildConfigurations = (
				D388133828F563920062C702 /* Debug */,
				D388133928F563920062C702 /* Release */,
			);
			defaultConfigurationIsVisible = 0;
			defaultConfigurationName = Release;
		};
/* End XCConfigurationList section */

/* Begin XCRemoteSwiftPackageReference section */
		752FC91528F9367E00FBA82F /* XCRemoteSwiftPackageReference "FloatingPanel" */ = {
			isa = XCRemoteSwiftPackageReference;
			repositoryURL = "https://github.com/SCENEE/FloatingPanel.git";
			requirement = {
				kind = versionRange;
				maximumVersion = 3.0.0;
				minimumVersion = 2.0.0;
			};
		};
/* End XCRemoteSwiftPackageReference section */

/* Begin XCVersionGroup section */
		D388131028F563910062C702 /* Tuju.xcdatamodeld */ = {
			isa = XCVersionGroup;
			children = (
				D388131128F563910062C702 /* Tuju.xcdatamodel */,
			);
			currentVersion = D388131128F563910062C702 /* Tuju.xcdatamodel */;
			path = Tuju.xcdatamodeld;
			sourceTree = "<group>";
			versionGroupType = wrapper.xcdatamodel;
		};
/* End XCVersionGroup section */
	};
	rootObject = D38812FC28F563910062C702 /* Project object */;
}
