// !$*UTF8*$!
{
	archiveVersion = 1;
	classes = {
	};
	objectVersion = 55;
	objects = {

/* Begin PBXBuildFile section */
		396448F4DF99F9508DF5301A /* Pods_Tuju_TujuUITests.framework in Frameworks */ = {isa = PBXBuildFile; fileRef = 37D4DC2962A0F0D261C2E7B1 /* Pods_Tuju_TujuUITests.framework */; };
		5C06E05C290292CE001BA971 /* StationDataModel.swift in Sources */ = {isa = PBXBuildFile; fileRef = 5C06E05B290292CE001BA971 /* StationDataModel.swift */; };
		5C06E05E290294E1001BA971 /* StationDataDetails.swift in Sources */ = {isa = PBXBuildFile; fileRef = 5C06E05D290294E1001BA971 /* StationDataDetails.swift */; };
		5C2C60BA29092BCD00BE6C00 /* RecentDataModel.swift in Sources */ = {isa = PBXBuildFile; fileRef = 5C2C60B929092BCD00BE6C00 /* RecentDataModel.swift */; };
		5C2C60BC29093C2300BE6C00 /* FavoriteDataModel.swift in Sources */ = {isa = PBXBuildFile; fileRef = 5C2C60BB29093C2300BE6C00 /* FavoriteDataModel.swift */; };
		5C32756B291A52C700EA6323 /* SoundNotification.swift in Sources */ = {isa = PBXBuildFile; fileRef = 5C32756A291A52C700EA6323 /* SoundNotification.swift */; };
		5C41AD1B29098A980077F60A /* FavAndRecentLogic.swift in Sources */ = {isa = PBXBuildFile; fileRef = 5C41AD1A29098A980077F60A /* FavAndRecentLogic.swift */; };
		5CA14FA02914F82D00E20FAF /* RoutesDataModel.swift in Sources */ = {isa = PBXBuildFile; fileRef = 5CA14F9F2914F82D00E20FAF /* RoutesDataModel.swift */; };
		5CB26BF528FD49EB0057CC3E /* LogicSwift.swift in Sources */ = {isa = PBXBuildFile; fileRef = 5CB26BF428FD49EB0057CC3E /* LogicSwift.swift */; };
		5CB26BF728FD4A290057CC3E /* Routes.swift in Sources */ = {isa = PBXBuildFile; fileRef = 5CB26BF628FD4A290057CC3E /* Routes.swift */; };
		5CB26BFA28FD4A750057CC3E /* TestTableViewCell.xib in Resources */ = {isa = PBXBuildFile; fileRef = 5CB26BF828FD4A750057CC3E /* TestTableViewCell.xib */; };
		5CB26BFB28FD4A750057CC3E /* TestTableViewCell.swift in Sources */ = {isa = PBXBuildFile; fileRef = 5CB26BF928FD4A750057CC3E /* TestTableViewCell.swift */; };
		5CB26BFD28FD4A8C0057CC3E /* TestLogic.storyboard in Resources */ = {isa = PBXBuildFile; fileRef = 5CB26BFC28FD4A8C0057CC3E /* TestLogic.storyboard */; };
		5CB982A62906F81F00933DCF /* RoutesLogic.swift in Sources */ = {isa = PBXBuildFile; fileRef = 5CB982A52906F81F00933DCF /* RoutesLogic.swift */; };
		5CF615262924D0B8001BB035 /* AudioToolbox.framework in Frameworks */ = {isa = PBXBuildFile; fileRef = 5CF615252924D0B8001BB035 /* AudioToolbox.framework */; };
		681C2A4DB7873BE9D01CBB51 /* Pods_Tuju.framework in Frameworks */ = {isa = PBXBuildFile; fileRef = B9F3AA2AEA14AD74648908A1 /* Pods_Tuju.framework */; };
		752FC90628F92F8B00FBA82F /* PanelViewController.swift in Sources */ = {isa = PBXBuildFile; fileRef = 752FC90528F92F8B00FBA82F /* PanelViewController.swift */; };
		752FC90828F92FC200FBA82F /* LocationManager.swift in Sources */ = {isa = PBXBuildFile; fileRef = 752FC90728F92FC200FBA82F /* LocationManager.swift */; };
		7567F963291257D900730487 /* AsalEntryViewController.swift in Sources */ = {isa = PBXBuildFile; fileRef = 7567F962291257D900730487 /* AsalEntryViewController.swift */; };
		7567F9652912594000730487 /* TujuanEntryViewController.swift in Sources */ = {isa = PBXBuildFile; fileRef = 7567F9642912593F00730487 /* TujuanEntryViewController.swift */; };
		BD2CB32CE4498988965553ED /* Pods_TujuTests.framework in Frameworks */ = {isa = PBXBuildFile; fileRef = F2BA47A2C29E53AA77017B44 /* Pods_TujuTests.framework */; };
		D36911BE28F944F100E993E1 /* RecommendationTableViewCell.swift in Sources */ = {isa = PBXBuildFile; fileRef = D36911BD28F944F100E993E1 /* RecommendationTableViewCell.swift */; };
		D386070A2912BE97003D32FE /* PerjalananViewController.swift in Sources */ = {isa = PBXBuildFile; fileRef = D38607092912BE97003D32FE /* PerjalananViewController.swift */; };
		D388130828F563910062C702 /* AppDelegate.swift in Sources */ = {isa = PBXBuildFile; fileRef = D388130728F563910062C702 /* AppDelegate.swift */; };
		D388130A28F563910062C702 /* SceneDelegate.swift in Sources */ = {isa = PBXBuildFile; fileRef = D388130928F563910062C702 /* SceneDelegate.swift */; };
		D388130C28F563910062C702 /* MapViewController.swift in Sources */ = {isa = PBXBuildFile; fileRef = D388130B28F563910062C702 /* MapViewController.swift */; };
		D388130F28F563910062C702 /* Main.storyboard in Resources */ = {isa = PBXBuildFile; fileRef = D388130D28F563910062C702 /* Main.storyboard */; };
		D388131228F563910062C702 /* Tuju.xcdatamodeld in Sources */ = {isa = PBXBuildFile; fileRef = D388131028F563910062C702 /* Tuju.xcdatamodeld */; };
		D388131428F563920062C702 /* Assets.xcassets in Resources */ = {isa = PBXBuildFile; fileRef = D388131328F563920062C702 /* Assets.xcassets */; };
		D388131728F563920062C702 /* LaunchScreen.storyboard in Resources */ = {isa = PBXBuildFile; fileRef = D388131528F563920062C702 /* LaunchScreen.storyboard */; };
		D388132228F563920062C702 /* TujuTests.swift in Sources */ = {isa = PBXBuildFile; fileRef = D388132128F563920062C702 /* TujuTests.swift */; };
		D388132C28F563920062C702 /* TujuUITests.swift in Sources */ = {isa = PBXBuildFile; fileRef = D388132B28F563920062C702 /* TujuUITests.swift */; };
		D388132E28F563920062C702 /* TujuUITestsLaunchTests.swift in Sources */ = {isa = PBXBuildFile; fileRef = D388132D28F563920062C702 /* TujuUITestsLaunchTests.swift */; };
		D3CCF72E2913C4170009E0B5 /* JourneyViewCell.swift in Sources */ = {isa = PBXBuildFile; fileRef = D3CCF72D2913C4170009E0B5 /* JourneyViewCell.swift */; };
		D3CCF736291A5CC00009E0B5 /* SectionHeader.swift in Sources */ = {isa = PBXBuildFile; fileRef = D3CCF735291A5CC00009E0B5 /* SectionHeader.swift */; };
		D3CCF73A291ADF1A0009E0B5 /* Gradient.swift in Sources */ = {isa = PBXBuildFile; fileRef = D3CCF739291ADF1A0009E0B5 /* Gradient.swift */; };
		D3E387B82902865500AFE101 /* Stasiun.swift in Sources */ = {isa = PBXBuildFile; fileRef = D3E387B72902865500AFE101 /* Stasiun.swift */; };
		D3E387BB290653E900AFE101 /* Anchor.swift in Sources */ = {isa = PBXBuildFile; fileRef = D3E387BA290653E900AFE101 /* Anchor.swift */; };
/* End PBXBuildFile section */

/* Begin PBXContainerItemProxy section */
		D388131E28F563920062C702 /* PBXContainerItemProxy */ = {
			isa = PBXContainerItemProxy;
			containerPortal = D38812FC28F563910062C702 /* Project object */;
			proxyType = 1;
			remoteGlobalIDString = D388130328F563910062C702;
			remoteInfo = Tuju;
		};
		D388132828F563920062C702 /* PBXContainerItemProxy */ = {
			isa = PBXContainerItemProxy;
			containerPortal = D38812FC28F563910062C702 /* Project object */;
			proxyType = 1;
			remoteGlobalIDString = D388130328F563910062C702;
			remoteInfo = Tuju;
		};
/* End PBXContainerItemProxy section */

/* Begin PBXFileReference section */
		19BF83D4D5B76B296EB077E2 /* Pods-Tuju-TujuUITests.debug.xcconfig */ = {isa = PBXFileReference; includeInIndex = 1; lastKnownFileType = text.xcconfig; name = "Pods-Tuju-TujuUITests.debug.xcconfig"; path = "Target Support Files/Pods-Tuju-TujuUITests/Pods-Tuju-TujuUITests.debug.xcconfig"; sourceTree = "<group>"; };
		37D4DC2962A0F0D261C2E7B1 /* Pods_Tuju_TujuUITests.framework */ = {isa = PBXFileReference; explicitFileType = wrapper.framework; includeInIndex = 0; path = Pods_Tuju_TujuUITests.framework; sourceTree = BUILT_PRODUCTS_DIR; };
		5C06E05B290292CE001BA971 /* StationDataModel.swift */ = {isa = PBXFileReference; lastKnownFileType = sourcecode.swift; path = StationDataModel.swift; sourceTree = "<group>"; };
		5C06E05D290294E1001BA971 /* StationDataDetails.swift */ = {isa = PBXFileReference; lastKnownFileType = sourcecode.swift; path = StationDataDetails.swift; sourceTree = "<group>"; };
		5C2C60B929092BCD00BE6C00 /* RecentDataModel.swift */ = {isa = PBXFileReference; lastKnownFileType = sourcecode.swift; path = RecentDataModel.swift; sourceTree = "<group>"; };
		5C2C60BB29093C2300BE6C00 /* FavoriteDataModel.swift */ = {isa = PBXFileReference; lastKnownFileType = sourcecode.swift; path = FavoriteDataModel.swift; sourceTree = "<group>"; };
		5C32756A291A52C700EA6323 /* SoundNotification.swift */ = {isa = PBXFileReference; lastKnownFileType = sourcecode.swift; path = SoundNotification.swift; sourceTree = "<group>"; };
		5C41AD1A29098A980077F60A /* FavAndRecentLogic.swift */ = {isa = PBXFileReference; lastKnownFileType = sourcecode.swift; path = FavAndRecentLogic.swift; sourceTree = "<group>"; };
		5CA14F9F2914F82D00E20FAF /* RoutesDataModel.swift */ = {isa = PBXFileReference; lastKnownFileType = sourcecode.swift; path = RoutesDataModel.swift; sourceTree = "<group>"; };
		5CB26BF428FD49EB0057CC3E /* LogicSwift.swift */ = {isa = PBXFileReference; lastKnownFileType = sourcecode.swift; path = LogicSwift.swift; sourceTree = "<group>"; };
		5CB26BF628FD4A290057CC3E /* Routes.swift */ = {isa = PBXFileReference; lastKnownFileType = sourcecode.swift; path = Routes.swift; sourceTree = "<group>"; };
		5CB26BF828FD4A750057CC3E /* TestTableViewCell.xib */ = {isa = PBXFileReference; fileEncoding = 4; lastKnownFileType = file.xib; path = TestTableViewCell.xib; sourceTree = "<group>"; };
		5CB26BF928FD4A750057CC3E /* TestTableViewCell.swift */ = {isa = PBXFileReference; fileEncoding = 4; lastKnownFileType = sourcecode.swift; path = TestTableViewCell.swift; sourceTree = "<group>"; };
		5CB26BFC28FD4A8C0057CC3E /* TestLogic.storyboard */ = {isa = PBXFileReference; lastKnownFileType = file.storyboard; path = TestLogic.storyboard; sourceTree = "<group>"; };
		5CB26C2228FD5A2B0057CC3E /* FloatingPanel.framework */ = {isa = PBXFileReference; explicitFileType = wrapper.framework; path = FloatingPanel.framework; sourceTree = BUILT_PRODUCTS_DIR; };
		5CB982A52906F81F00933DCF /* RoutesLogic.swift */ = {isa = PBXFileReference; lastKnownFileType = sourcecode.swift; path = RoutesLogic.swift; sourceTree = "<group>"; };
		5CF615252924D0B8001BB035 /* AudioToolbox.framework */ = {isa = PBXFileReference; lastKnownFileType = wrapper.framework; name = AudioToolbox.framework; path = System/Library/Frameworks/AudioToolbox.framework; sourceTree = SDKROOT; };
		752FC90128F92E8900FBA82F /* FloatingPanel.framework */ = {isa = PBXFileReference; explicitFileType = wrapper.framework; path = FloatingPanel.framework; sourceTree = BUILT_PRODUCTS_DIR; };
		752FC90528F92F8B00FBA82F /* PanelViewController.swift */ = {isa = PBXFileReference; lastKnownFileType = sourcecode.swift; path = PanelViewController.swift; sourceTree = "<group>"; };
		752FC90728F92FC200FBA82F /* LocationManager.swift */ = {isa = PBXFileReference; lastKnownFileType = sourcecode.swift; path = LocationManager.swift; sourceTree = "<group>"; };
		752FC90928F931B300FBA82F /* FloatingPanel.framework */ = {isa = PBXFileReference; explicitFileType = wrapper.framework; path = FloatingPanel.framework; sourceTree = BUILT_PRODUCTS_DIR; };
		752FC90D28F9333A00FBA82F /* FloatingPanel.framework */ = {isa = PBXFileReference; explicitFileType = wrapper.framework; path = FloatingPanel.framework; sourceTree = BUILT_PRODUCTS_DIR; };
		752FC91128F9335200FBA82F /* FloatingPanel.framework */ = {isa = PBXFileReference; explicitFileType = wrapper.framework; path = FloatingPanel.framework; sourceTree = BUILT_PRODUCTS_DIR; };
		7567F962291257D900730487 /* AsalEntryViewController.swift */ = {isa = PBXFileReference; lastKnownFileType = sourcecode.swift; path = AsalEntryViewController.swift; sourceTree = "<group>"; };
		7567F9642912593F00730487 /* TujuanEntryViewController.swift */ = {isa = PBXFileReference; lastKnownFileType = sourcecode.swift; path = TujuanEntryViewController.swift; sourceTree = "<group>"; };
		75E935F4291E189100EAA3F5 /* Alamofire.framework */ = {isa = PBXFileReference; explicitFileType = wrapper.framework; path = Alamofire.framework; sourceTree = BUILT_PRODUCTS_DIR; };
		75E935F8291E189600EAA3F5 /* SwiftyJSON.framework */ = {isa = PBXFileReference; explicitFileType = wrapper.framework; path = SwiftyJSON.framework; sourceTree = BUILT_PRODUCTS_DIR; };
		806AEBBF20D6FF35AFEE0958 /* Pods-Tuju-TujuUITests.release.xcconfig */ = {isa = PBXFileReference; includeInIndex = 1; lastKnownFileType = text.xcconfig; name = "Pods-Tuju-TujuUITests.release.xcconfig"; path = "Target Support Files/Pods-Tuju-TujuUITests/Pods-Tuju-TujuUITests.release.xcconfig"; sourceTree = "<group>"; };
		8F27D5C288BDFB6A7205FEA9 /* Pods-TujuTests.debug.xcconfig */ = {isa = PBXFileReference; includeInIndex = 1; lastKnownFileType = text.xcconfig; name = "Pods-TujuTests.debug.xcconfig"; path = "Target Support Files/Pods-TujuTests/Pods-TujuTests.debug.xcconfig"; sourceTree = "<group>"; };
		B9F3AA2AEA14AD74648908A1 /* Pods_Tuju.framework */ = {isa = PBXFileReference; explicitFileType = wrapper.framework; includeInIndex = 0; path = Pods_Tuju.framework; sourceTree = BUILT_PRODUCTS_DIR; };
		C0AFF78C1272E478602BD951 /* Pods-Tuju.release.xcconfig */ = {isa = PBXFileReference; includeInIndex = 1; lastKnownFileType = text.xcconfig; name = "Pods-Tuju.release.xcconfig"; path = "Target Support Files/Pods-Tuju/Pods-Tuju.release.xcconfig"; sourceTree = "<group>"; };
		D36911BD28F944F100E993E1 /* RecommendationTableViewCell.swift */ = {isa = PBXFileReference; lastKnownFileType = sourcecode.swift; path = RecommendationTableViewCell.swift; sourceTree = "<group>"; };
		D38607092912BE97003D32FE /* PerjalananViewController.swift */ = {isa = PBXFileReference; lastKnownFileType = sourcecode.swift; path = PerjalananViewController.swift; sourceTree = "<group>"; };
		D388130428F563910062C702 /* Tuju.app */ = {isa = PBXFileReference; explicitFileType = wrapper.application; includeInIndex = 0; path = Tuju.app; sourceTree = BUILT_PRODUCTS_DIR; };
		D388130728F563910062C702 /* AppDelegate.swift */ = {isa = PBXFileReference; lastKnownFileType = sourcecode.swift; path = AppDelegate.swift; sourceTree = "<group>"; };
		D388130928F563910062C702 /* SceneDelegate.swift */ = {isa = PBXFileReference; lastKnownFileType = sourcecode.swift; path = SceneDelegate.swift; sourceTree = "<group>"; };
		D388130B28F563910062C702 /* MapViewController.swift */ = {isa = PBXFileReference; lastKnownFileType = sourcecode.swift; path = MapViewController.swift; sourceTree = "<group>"; };
		D388130E28F563910062C702 /* Base */ = {isa = PBXFileReference; lastKnownFileType = file.storyboard; name = Base; path = Base.lproj/Main.storyboard; sourceTree = "<group>"; };
		D388131128F563910062C702 /* Tuju.xcdatamodel */ = {isa = PBXFileReference; lastKnownFileType = wrapper.xcdatamodel; path = Tuju.xcdatamodel; sourceTree = "<group>"; };
		D388131328F563920062C702 /* Assets.xcassets */ = {isa = PBXFileReference; lastKnownFileType = folder.assetcatalog; path = Assets.xcassets; sourceTree = "<group>"; };
		D388131628F563920062C702 /* Base */ = {isa = PBXFileReference; lastKnownFileType = file.storyboard; name = Base; path = Base.lproj/LaunchScreen.storyboard; sourceTree = "<group>"; };
		D388131828F563920062C702 /* Info.plist */ = {isa = PBXFileReference; lastKnownFileType = text.plist.xml; path = Info.plist; sourceTree = "<group>"; };
		D388131D28F563920062C702 /* TujuTests.xctest */ = {isa = PBXFileReference; explicitFileType = wrapper.cfbundle; includeInIndex = 0; path = TujuTests.xctest; sourceTree = BUILT_PRODUCTS_DIR; };
		D388132128F563920062C702 /* TujuTests.swift */ = {isa = PBXFileReference; lastKnownFileType = sourcecode.swift; path = TujuTests.swift; sourceTree = "<group>"; };
		D388132728F563920062C702 /* TujuUITests.xctest */ = {isa = PBXFileReference; explicitFileType = wrapper.cfbundle; includeInIndex = 0; path = TujuUITests.xctest; sourceTree = BUILT_PRODUCTS_DIR; };
		D388132B28F563920062C702 /* TujuUITests.swift */ = {isa = PBXFileReference; lastKnownFileType = sourcecode.swift; path = TujuUITests.swift; sourceTree = "<group>"; };
		D388132D28F563920062C702 /* TujuUITestsLaunchTests.swift */ = {isa = PBXFileReference; lastKnownFileType = sourcecode.swift; path = TujuUITestsLaunchTests.swift; sourceTree = "<group>"; };
		D3CCF72D2913C4170009E0B5 /* JourneyViewCell.swift */ = {isa = PBXFileReference; lastKnownFileType = sourcecode.swift; path = JourneyViewCell.swift; sourceTree = "<group>"; };
		D3CCF735291A5CC00009E0B5 /* SectionHeader.swift */ = {isa = PBXFileReference; lastKnownFileType = sourcecode.swift; path = SectionHeader.swift; sourceTree = "<group>"; };
		D3CCF739291ADF1A0009E0B5 /* Gradient.swift */ = {isa = PBXFileReference; lastKnownFileType = sourcecode.swift; path = Gradient.swift; sourceTree = "<group>"; };
		D3E387B72902865500AFE101 /* Stasiun.swift */ = {isa = PBXFileReference; lastKnownFileType = sourcecode.swift; path = Stasiun.swift; sourceTree = "<group>"; };
		D3E387BA290653E900AFE101 /* Anchor.swift */ = {isa = PBXFileReference; lastKnownFileType = sourcecode.swift; path = Anchor.swift; sourceTree = "<group>"; };
		DC834DAB37C140B83DDA639A /* Pods-TujuTests.release.xcconfig */ = {isa = PBXFileReference; includeInIndex = 1; lastKnownFileType = text.xcconfig; name = "Pods-TujuTests.release.xcconfig"; path = "Target Support Files/Pods-TujuTests/Pods-TujuTests.release.xcconfig"; sourceTree = "<group>"; };
		E0758FED75FFFE65F804F56F /* Pods-Tuju.debug.xcconfig */ = {isa = PBXFileReference; includeInIndex = 1; lastKnownFileType = text.xcconfig; name = "Pods-Tuju.debug.xcconfig"; path = "Target Support Files/Pods-Tuju/Pods-Tuju.debug.xcconfig"; sourceTree = "<group>"; };
		F2BA47A2C29E53AA77017B44 /* Pods_TujuTests.framework */ = {isa = PBXFileReference; explicitFileType = wrapper.framework; includeInIndex = 0; path = Pods_TujuTests.framework; sourceTree = BUILT_PRODUCTS_DIR; };
/* End PBXFileReference section */

/* Begin PBXFrameworksBuildPhase section */
		D388130128F563910062C702 /* Frameworks */ = {
			isa = PBXFrameworksBuildPhase;
			buildActionMask = 2147483647;
			files = (
				5CF615262924D0B8001BB035 /* AudioToolbox.framework in Frameworks */,
				681C2A4DB7873BE9D01CBB51 /* Pods_Tuju.framework in Frameworks */,
			);
			runOnlyForDeploymentPostprocessing = 0;
		};
		D388131A28F563920062C702 /* Frameworks */ = {
			isa = PBXFrameworksBuildPhase;
			buildActionMask = 2147483647;
			files = (
				BD2CB32CE4498988965553ED /* Pods_TujuTests.framework in Frameworks */,
			);
			runOnlyForDeploymentPostprocessing = 0;
		};
		D388132428F563920062C702 /* Frameworks */ = {
			isa = PBXFrameworksBuildPhase;
			buildActionMask = 2147483647;
			files = (
				396448F4DF99F9508DF5301A /* Pods_Tuju_TujuUITests.framework in Frameworks */,
			);
			runOnlyForDeploymentPostprocessing = 0;
		};
/* End PBXFrameworksBuildPhase section */

/* Begin PBXGroup section */
		2CADD08A7BBE1E91414C0904 /* Pods */ = {
			isa = PBXGroup;
			children = (
				E0758FED75FFFE65F804F56F /* Pods-Tuju.debug.xcconfig */,
				C0AFF78C1272E478602BD951 /* Pods-Tuju.release.xcconfig */,
				19BF83D4D5B76B296EB077E2 /* Pods-Tuju-TujuUITests.debug.xcconfig */,
				806AEBBF20D6FF35AFEE0958 /* Pods-Tuju-TujuUITests.release.xcconfig */,
				8F27D5C288BDFB6A7205FEA9 /* Pods-TujuTests.debug.xcconfig */,
				DC834DAB37C140B83DDA639A /* Pods-TujuTests.release.xcconfig */,
			);
			path = Pods;
			sourceTree = "<group>";
		};
		5C06A0D629004A970003CBEE /* Feature */ = {
			isa = PBXGroup;
			children = (
				5C06A0E029004BBC0003CBEE /* Map */,
				5C06A0E129004BC40003CBEE /* Panel */,
				5C06A0DF29004B5A0003CBEE /* PilihTujuan */,
				5C06A0DE29004B3B0003CBEE /* PilihAsal */,
				D38607082912BE88003D32FE /* Perjalanan */,
				D3E387BD2906A25700AFE101 /* Help */,
				D3E387BC2906A23F00AFE101 /* History */,
			);
			path = Feature;
			sourceTree = "<group>";
		};
		5C06A0D729004A9E0003CBEE /* Helper */ = {
			isa = PBXGroup;
			children = (
				D3E387BA290653E900AFE101 /* Anchor.swift */,
				D3CCF739291ADF1A0009E0B5 /* Gradient.swift */,
			);
			path = Helper;
			sourceTree = "<group>";
		};
		5C06A0D829004AA30003CBEE /* Utilities */ = {
			isa = PBXGroup;
			children = (
				5C32756A291A52C700EA6323 /* SoundNotification.swift */,
			);
			path = Utilities;
			sourceTree = "<group>";
		};
		5C06A0D929004AAE0003CBEE /* Services */ = {
			isa = PBXGroup;
			children = (
				752FC90728F92FC200FBA82F /* LocationManager.swift */,
			);
			path = Services;
			sourceTree = "<group>";
		};
		5C06A0DA29004AB50003CBEE /* Resources */ = {
			isa = PBXGroup;
			children = (
				D388131328F563920062C702 /* Assets.xcassets */,
				D388131528F563920062C702 /* LaunchScreen.storyboard */,
			);
			path = Resources;
			sourceTree = "<group>";
		};
		5C06A0DB29004ABB0003CBEE /* Models */ = {
			isa = PBXGroup;
			children = (
				5C06E05A2902928C001BA971 /* StationData */,
				D388131028F563910062C702 /* Tuju.xcdatamodeld */,
			);
			path = Models;
			sourceTree = "<group>";
		};
		5C06A0DC29004AC30003CBEE /* Core */ = {
			isa = PBXGroup;
			children = (
				D388130728F563910062C702 /* AppDelegate.swift */,
				D388130928F563910062C702 /* SceneDelegate.swift */,
			);
			path = Core;
			sourceTree = "<group>";
		};
		5C06A0DE29004B3B0003CBEE /* PilihAsal */ = {
			isa = PBXGroup;
			children = (
				7567F962291257D900730487 /* AsalEntryViewController.swift */,
			);
			path = PilihAsal;
			sourceTree = "<group>";
		};
		5C06A0DF29004B5A0003CBEE /* PilihTujuan */ = {
			isa = PBXGroup;
			children = (
				7567F9642912593F00730487 /* TujuanEntryViewController.swift */,
			);
			path = PilihTujuan;
			sourceTree = "<group>";
		};
		5C06A0E029004BBC0003CBEE /* Map */ = {
			isa = PBXGroup;
			children = (
				D388130B28F563910062C702 /* MapViewController.swift */,
				D388130D28F563910062C702 /* Main.storyboard */,
			);
			path = Map;
			sourceTree = "<group>";
		};
		5C06A0E129004BC40003CBEE /* Panel */ = {
			isa = PBXGroup;
			children = (
				752FC90528F92F8B00FBA82F /* PanelViewController.swift */,
			);
			path = Panel;
			sourceTree = "<group>";
		};
		5C06A0E229004C7E0003CBEE /* ViewComponents */ = {
			isa = PBXGroup;
			children = (
			);
			path = ViewComponents;
			sourceTree = "<group>";
		};
		5C06E05A2902928C001BA971 /* StationData */ = {
			isa = PBXGroup;
			children = (
				5C06E05B290292CE001BA971 /* StationDataModel.swift */,
				5C06E05D290294E1001BA971 /* StationDataDetails.swift */,
				5C2C60B929092BCD00BE6C00 /* RecentDataModel.swift */,
				5C2C60BB29093C2300BE6C00 /* FavoriteDataModel.swift */,
				5CA14F9F2914F82D00E20FAF /* RoutesDataModel.swift */,
			);
			path = StationData;
			sourceTree = "<group>";
		};
		5CB26BF328FD49490057CC3E /* Logic */ = {
			isa = PBXGroup;
			children = (
				5CB26BF628FD4A290057CC3E /* Routes.swift */,
				5CB26BF428FD49EB0057CC3E /* LogicSwift.swift */,
				5CB26BF928FD4A750057CC3E /* TestTableViewCell.swift */,
				5CB26BF828FD4A750057CC3E /* TestTableViewCell.xib */,
				5CB26BFC28FD4A8C0057CC3E /* TestLogic.storyboard */,
				5CB982A52906F81F00933DCF /* RoutesLogic.swift */,
				5C41AD1A29098A980077F60A /* FavAndRecentLogic.swift */,
			);
			path = Logic;
			sourceTree = "<group>";
		};
		98959F0521C4B648F3EBF3E6 /* Frameworks */ = {
			isa = PBXGroup;
			children = (
				5CF615252924D0B8001BB035 /* AudioToolbox.framework */,
				75E935F8291E189600EAA3F5 /* SwiftyJSON.framework */,
				75E935F4291E189100EAA3F5 /* Alamofire.framework */,
				5CB26C2228FD5A2B0057CC3E /* FloatingPanel.framework */,
				752FC91128F9335200FBA82F /* FloatingPanel.framework */,
				752FC90D28F9333A00FBA82F /* FloatingPanel.framework */,
				752FC90928F931B300FBA82F /* FloatingPanel.framework */,
				752FC90128F92E8900FBA82F /* FloatingPanel.framework */,
				B9F3AA2AEA14AD74648908A1 /* Pods_Tuju.framework */,
				37D4DC2962A0F0D261C2E7B1 /* Pods_Tuju_TujuUITests.framework */,
				F2BA47A2C29E53AA77017B44 /* Pods_TujuTests.framework */,
			);
			name = Frameworks;
			sourceTree = "<group>";
		};
		D38607082912BE88003D32FE /* Perjalanan */ = {
			isa = PBXGroup;
			children = (
				D38607092912BE97003D32FE /* PerjalananViewController.swift */,
			);
			path = Perjalanan;
			sourceTree = "<group>";
		};
		D38812FB28F563910062C702 = {
			isa = PBXGroup;
			children = (
				D388130628F563910062C702 /* Tuju */,
				D388132028F563920062C702 /* TujuTests */,
				D388132A28F563920062C702 /* TujuUITests */,
				D388130528F563910062C702 /* Products */,
				2CADD08A7BBE1E91414C0904 /* Pods */,
				98959F0521C4B648F3EBF3E6 /* Frameworks */,
			);
			sourceTree = "<group>";
		};
		D388130528F563910062C702 /* Products */ = {
			isa = PBXGroup;
			children = (
				D388130428F563910062C702 /* Tuju.app */,
				D388131D28F563920062C702 /* TujuTests.xctest */,
				D388132728F563920062C702 /* TujuUITests.xctest */,
			);
			name = Products;
			sourceTree = "<group>";
		};
		D388130628F563910062C702 /* Tuju */ = {
			isa = PBXGroup;
			children = (
				5C06A0E229004C7E0003CBEE /* ViewComponents */,
				5C06A0DC29004AC30003CBEE /* Core */,
				5C06A0DB29004ABB0003CBEE /* Models */,
				5C06A0DA29004AB50003CBEE /* Resources */,
				5C06A0D929004AAE0003CBEE /* Services */,
				5C06A0D829004AA30003CBEE /* Utilities */,
				5C06A0D729004A9E0003CBEE /* Helper */,
				5C06A0D629004A970003CBEE /* Feature */,
				5CB26BF328FD49490057CC3E /* Logic */,
				D388131828F563920062C702 /* Info.plist */,
				D3CCF72D2913C4170009E0B5 /* JourneyViewCell.swift */,
				D3CCF735291A5CC00009E0B5 /* SectionHeader.swift */,
				D36911BD28F944F100E993E1 /* RecommendationTableViewCell.swift */,
				D3E387B72902865500AFE101 /* Stasiun.swift */,
			);
			path = Tuju;
			sourceTree = "<group>";
		};
		D388132028F563920062C702 /* TujuTests */ = {
			isa = PBXGroup;
			children = (
				D388132128F563920062C702 /* TujuTests.swift */,
			);
			path = TujuTests;
			sourceTree = "<group>";
		};
		D388132A28F563920062C702 /* TujuUITests */ = {
			isa = PBXGroup;
			children = (
				D388132B28F563920062C702 /* TujuUITests.swift */,
				D388132D28F563920062C702 /* TujuUITestsLaunchTests.swift */,
			);
			path = TujuUITests;
			sourceTree = "<group>";
		};
		D3E387BC2906A23F00AFE101 /* History */ = {
			isa = PBXGroup;
			children = (
			);
			path = History;
			sourceTree = "<group>";
		};
		D3E387BD2906A25700AFE101 /* Help */ = {
			isa = PBXGroup;
			children = (
			);
			path = Help;
			sourceTree = "<group>";
		};
/* End PBXGroup section */

/* Begin PBXNativeTarget section */
		D388130328F563910062C702 /* Tuju */ = {
			isa = PBXNativeTarget;
			buildConfigurationList = D388133128F563920062C702 /* Build configuration list for PBXNativeTarget "Tuju" */;
			buildPhases = (
				C6F3FF8DD88CD53A3160C6C9 /* [CP] Check Pods Manifest.lock */,
				D388130028F563910062C702 /* Sources */,
				D388130128F563910062C702 /* Frameworks */,
				D388130228F563910062C702 /* Resources */,
				40B48480657FEB4C92C3D061 /* [CP] Embed Pods Frameworks */,
				D63FEA569473BEEA327A4760 /* [CP] Copy Pods Resources */,
			);
			buildRules = (
			);
			dependencies = (
			);
			name = Tuju;
			productName = Tuju;
			productReference = D388130428F563910062C702 /* Tuju.app */;
			productType = "com.apple.product-type.application";
		};
		D388131C28F563920062C702 /* TujuTests */ = {
			isa = PBXNativeTarget;
			buildConfigurationList = D388133428F563920062C702 /* Build configuration list for PBXNativeTarget "TujuTests" */;
			buildPhases = (
				5ECEB42D04B02199228A8321 /* [CP] Check Pods Manifest.lock */,
				D388131928F563920062C702 /* Sources */,
				D388131A28F563920062C702 /* Frameworks */,
				D388131B28F563920062C702 /* Resources */,
			);
			buildRules = (
			);
			dependencies = (
				D388131F28F563920062C702 /* PBXTargetDependency */,
			);
			name = TujuTests;
			productName = TujuTests;
			productReference = D388131D28F563920062C702 /* TujuTests.xctest */;
			productType = "com.apple.product-type.bundle.unit-test";
		};
		D388132628F563920062C702 /* TujuUITests */ = {
			isa = PBXNativeTarget;
			buildConfigurationList = D388133728F563920062C702 /* Build configuration list for PBXNativeTarget "TujuUITests" */;
			buildPhases = (
				37DAE38E988744EE70E4E38B /* [CP] Check Pods Manifest.lock */,
				D388132328F563920062C702 /* Sources */,
				D388132428F563920062C702 /* Frameworks */,
				D388132528F563920062C702 /* Resources */,
				5296F043DE5855F541F45136 /* [CP] Embed Pods Frameworks */,
				0F5370EC1ED566D9E5D58340 /* [CP] Copy Pods Resources */,
			);
			buildRules = (
			);
			dependencies = (
				D388132928F563920062C702 /* PBXTargetDependency */,
			);
			name = TujuUITests;
			productName = TujuUITests;
			productReference = D388132728F563920062C702 /* TujuUITests.xctest */;
			productType = "com.apple.product-type.bundle.ui-testing";
		};
/* End PBXNativeTarget section */

/* Begin PBXProject section */
		D38812FC28F563910062C702 /* Project object */ = {
			isa = PBXProject;
			attributes = {
				BuildIndependentTargetsInParallel = 1;
				LastSwiftUpdateCheck = 1400;
				LastUpgradeCheck = 1400;
				TargetAttributes = {
					D388130328F563910062C702 = {
						CreatedOnToolsVersion = 14.0.1;
					};
					D388131C28F563920062C702 = {
						CreatedOnToolsVersion = 14.0.1;
						TestTargetID = D388130328F563910062C702;
					};
					D388132628F563920062C702 = {
						CreatedOnToolsVersion = 14.0.1;
						TestTargetID = D388130328F563910062C702;
					};
				};
			};
			buildConfigurationList = D38812FF28F563910062C702 /* Build configuration list for PBXProject "Tuju" */;
			compatibilityVersion = "Xcode 13.0";
			developmentRegion = en;
			hasScannedForEncodings = 0;
			knownRegions = (
				en,
				Base,
			);
			mainGroup = D38812FB28F563910062C702;
			packageReferences = (
				752FC91528F9367E00FBA82F /* XCRemoteSwiftPackageReference "FloatingPanel" */,
				7545C36D291D676900AD62FC /* XCRemoteSwiftPackageReference "GoogleMaps-SP" */,
			);
			productRefGroup = D388130528F563910062C702 /* Products */;
			projectDirPath = "";
			projectRoot = "";
			targets = (
				D388130328F563910062C702 /* Tuju */,
				D388131C28F563920062C702 /* TujuTests */,
				D388132628F563920062C702 /* TujuUITests */,
			);
		};
/* End PBXProject section */

/* Begin PBXResourcesBuildPhase section */
		D388130228F563910062C702 /* Resources */ = {
			isa = PBXResourcesBuildPhase;
			buildActionMask = 2147483647;
			files = (
				D388131728F563920062C702 /* LaunchScreen.storyboard in Resources */,
				D388131428F563920062C702 /* Assets.xcassets in Resources */,
				D388130F28F563910062C702 /* Main.storyboard in Resources */,
				5CB26BFA28FD4A750057CC3E /* TestTableViewCell.xib in Resources */,
				5CB26BFD28FD4A8C0057CC3E /* TestLogic.storyboard in Resources */,
			);
			runOnlyForDeploymentPostprocessing = 0;
		};
		D388131B28F563920062C702 /* Resources */ = {
			isa = PBXResourcesBuildPhase;
			buildActionMask = 2147483647;
			files = (
			);
			runOnlyForDeploymentPostprocessing = 0;
		};
		D388132528F563920062C702 /* Resources */ = {
			isa = PBXResourcesBuildPhase;
			buildActionMask = 2147483647;
			files = (
			);
			runOnlyForDeploymentPostprocessing = 0;
		};
/* End PBXResourcesBuildPhase section */

/* Begin PBXShellScriptBuildPhase section */
		0F5370EC1ED566D9E5D58340 /* [CP] Copy Pods Resources */ = {
			isa = PBXShellScriptBuildPhase;
			buildActionMask = 2147483647;
			files = (
			);
			inputFileListPaths = (
				"${PODS_ROOT}/Target Support Files/Pods-Tuju-TujuUITests/Pods-Tuju-TujuUITests-resources-${CONFIGURATION}-input-files.xcfilelist",
			);
			name = "[CP] Copy Pods Resources";
			outputFileListPaths = (
				"${PODS_ROOT}/Target Support Files/Pods-Tuju-TujuUITests/Pods-Tuju-TujuUITests-resources-${CONFIGURATION}-output-files.xcfilelist",
			);
			runOnlyForDeploymentPostprocessing = 0;
			shellPath = /bin/sh;
			shellScript = "\"${PODS_ROOT}/Target Support Files/Pods-Tuju-TujuUITests/Pods-Tuju-TujuUITests-resources.sh\"\n";
			showEnvVarsInLog = 0;
		};
		37DAE38E988744EE70E4E38B /* [CP] Check Pods Manifest.lock */ = {
			isa = PBXShellScriptBuildPhase;
			buildActionMask = 2147483647;
			files = (
			);
			inputFileListPaths = (
			);
			inputPaths = (
				"${PODS_PODFILE_DIR_PATH}/Podfile.lock",
				"${PODS_ROOT}/Manifest.lock",
			);
			name = "[CP] Check Pods Manifest.lock";
			outputFileListPaths = (
			);
			outputPaths = (
				"$(DERIVED_FILE_DIR)/Pods-Tuju-TujuUITests-checkManifestLockResult.txt",
			);
			runOnlyForDeploymentPostprocessing = 0;
			shellPath = /bin/sh;
			shellScript = "diff \"${PODS_PODFILE_DIR_PATH}/Podfile.lock\" \"${PODS_ROOT}/Manifest.lock\" > /dev/null\nif [ $? != 0 ] ; then\n    # print error to STDERR\n    echo \"error: The sandbox is not in sync with the Podfile.lock. Run 'pod install' or update your CocoaPods installation.\" >&2\n    exit 1\nfi\n# This output is used by Xcode 'outputs' to avoid re-running this script phase.\necho \"SUCCESS\" > \"${SCRIPT_OUTPUT_FILE_0}\"\n";
			showEnvVarsInLog = 0;
		};
		40B48480657FEB4C92C3D061 /* [CP] Embed Pods Frameworks */ = {
			isa = PBXShellScriptBuildPhase;
			buildActionMask = 2147483647;
			files = (
			);
			inputFileListPaths = (
				"${PODS_ROOT}/Target Support Files/Pods-Tuju/Pods-Tuju-frameworks-${CONFIGURATION}-input-files.xcfilelist",
			);
			name = "[CP] Embed Pods Frameworks";
			outputFileListPaths = (
				"${PODS_ROOT}/Target Support Files/Pods-Tuju/Pods-Tuju-frameworks-${CONFIGURATION}-output-files.xcfilelist",
			);
			runOnlyForDeploymentPostprocessing = 0;
			shellPath = /bin/sh;
			shellScript = "\"${PODS_ROOT}/Target Support Files/Pods-Tuju/Pods-Tuju-frameworks.sh\"\n";
			showEnvVarsInLog = 0;
		};
		5296F043DE5855F541F45136 /* [CP] Embed Pods Frameworks */ = {
			isa = PBXShellScriptBuildPhase;
			buildActionMask = 2147483647;
			files = (
			);
			inputFileListPaths = (
				"${PODS_ROOT}/Target Support Files/Pods-Tuju-TujuUITests/Pods-Tuju-TujuUITests-frameworks-${CONFIGURATION}-input-files.xcfilelist",
			);
			name = "[CP] Embed Pods Frameworks";
			outputFileListPaths = (
				"${PODS_ROOT}/Target Support Files/Pods-Tuju-TujuUITests/Pods-Tuju-TujuUITests-frameworks-${CONFIGURATION}-output-files.xcfilelist",
			);
			runOnlyForDeploymentPostprocessing = 0;
			shellPath = /bin/sh;
			shellScript = "\"${PODS_ROOT}/Target Support Files/Pods-Tuju-TujuUITests/Pods-Tuju-TujuUITests-frameworks.sh\"\n";
			showEnvVarsInLog = 0;
		};
		5ECEB42D04B02199228A8321 /* [CP] Check Pods Manifest.lock */ = {
			isa = PBXShellScriptBuildPhase;
			buildActionMask = 2147483647;
			files = (
			);
			inputFileListPaths = (
			);
			inputPaths = (
				"${PODS_PODFILE_DIR_PATH}/Podfile.lock",
				"${PODS_ROOT}/Manifest.lock",
			);
			name = "[CP] Check Pods Manifest.lock";
			outputFileListPaths = (
			);
			outputPaths = (
				"$(DERIVED_FILE_DIR)/Pods-TujuTests-checkManifestLockResult.txt",
			);
			runOnlyForDeploymentPostprocessing = 0;
			shellPath = /bin/sh;
			shellScript = "diff \"${PODS_PODFILE_DIR_PATH}/Podfile.lock\" \"${PODS_ROOT}/Manifest.lock\" > /dev/null\nif [ $? != 0 ] ; then\n    # print error to STDERR\n    echo \"error: The sandbox is not in sync with the Podfile.lock. Run 'pod install' or update your CocoaPods installation.\" >&2\n    exit 1\nfi\n# This output is used by Xcode 'outputs' to avoid re-running this script phase.\necho \"SUCCESS\" > \"${SCRIPT_OUTPUT_FILE_0}\"\n";
			showEnvVarsInLog = 0;
		};
		C6F3FF8DD88CD53A3160C6C9 /* [CP] Check Pods Manifest.lock */ = {
			isa = PBXShellScriptBuildPhase;
			buildActionMask = 2147483647;
			files = (
			);
			inputFileListPaths = (
			);
			inputPaths = (
				"${PODS_PODFILE_DIR_PATH}/Podfile.lock",
				"${PODS_ROOT}/Manifest.lock",
			);
			name = "[CP] Check Pods Manifest.lock";
			outputFileListPaths = (
			);
			outputPaths = (
				"$(DERIVED_FILE_DIR)/Pods-Tuju-checkManifestLockResult.txt",
			);
			runOnlyForDeploymentPostprocessing = 0;
			shellPath = /bin/sh;
			shellScript = "diff \"${PODS_PODFILE_DIR_PATH}/Podfile.lock\" \"${PODS_ROOT}/Manifest.lock\" > /dev/null\nif [ $? != 0 ] ; then\n    # print error to STDERR\n    echo \"error: The sandbox is not in sync with the Podfile.lock. Run 'pod install' or update your CocoaPods installation.\" >&2\n    exit 1\nfi\n# This output is used by Xcode 'outputs' to avoid re-running this script phase.\necho \"SUCCESS\" > \"${SCRIPT_OUTPUT_FILE_0}\"\n";
			showEnvVarsInLog = 0;
		};
		D63FEA569473BEEA327A4760 /* [CP] Copy Pods Resources */ = {
			isa = PBXShellScriptBuildPhase;
			buildActionMask = 2147483647;
			files = (
			);
			inputFileListPaths = (
				"${PODS_ROOT}/Target Support Files/Pods-Tuju/Pods-Tuju-resources-${CONFIGURATION}-input-files.xcfilelist",
			);
			name = "[CP] Copy Pods Resources";
			outputFileListPaths = (
				"${PODS_ROOT}/Target Support Files/Pods-Tuju/Pods-Tuju-resources-${CONFIGURATION}-output-files.xcfilelist",
			);
			runOnlyForDeploymentPostprocessing = 0;
			shellPath = /bin/sh;
			shellScript = "\"${PODS_ROOT}/Target Support Files/Pods-Tuju/Pods-Tuju-resources.sh\"\n";
			showEnvVarsInLog = 0;
		};
/* End PBXShellScriptBuildPhase section */

/* Begin PBXSourcesBuildPhase section */
		D388130028F563910062C702 /* Sources */ = {
			isa = PBXSourcesBuildPhase;
			buildActionMask = 2147483647;
			files = (
				5C32756B291A52C700EA6323 /* SoundNotification.swift in Sources */,
				5CB982A62906F81F00933DCF /* RoutesLogic.swift in Sources */,
				D388130C28F563910062C702 /* MapViewController.swift in Sources */,
				752FC90628F92F8B00FBA82F /* PanelViewController.swift in Sources */,
				5C06E05C290292CE001BA971 /* StationDataModel.swift in Sources */,
				5CA14FA02914F82D00E20FAF /* RoutesDataModel.swift in Sources */,
				D3CCF736291A5CC00009E0B5 /* SectionHeader.swift in Sources */,
				7567F9652912594000730487 /* TujuanEntryViewController.swift in Sources */,
				D386070A2912BE97003D32FE /* PerjalananViewController.swift in Sources */,
				5C41AD1B29098A980077F60A /* FavAndRecentLogic.swift in Sources */,
				D388131228F563910062C702 /* Tuju.xcdatamodeld in Sources */,
				752FC90828F92FC200FBA82F /* LocationManager.swift in Sources */,
				D3CCF72E2913C4170009E0B5 /* JourneyViewCell.swift in Sources */,
				5C2C60BC29093C2300BE6C00 /* FavoriteDataModel.swift in Sources */,
				5CB26BFB28FD4A750057CC3E /* TestTableViewCell.swift in Sources */,
				5CB26BF528FD49EB0057CC3E /* LogicSwift.swift in Sources */,
				5C06E05E290294E1001BA971 /* StationDataDetails.swift in Sources */,
				D388130828F563910062C702 /* AppDelegate.swift in Sources */,
				7567F963291257D900730487 /* AsalEntryViewController.swift in Sources */,
				D3E387BB290653E900AFE101 /* Anchor.swift in Sources */,
				5CB26BF728FD4A290057CC3E /* Routes.swift in Sources */,
				D36911BE28F944F100E993E1 /* RecommendationTableViewCell.swift in Sources */,
				D388130A28F563910062C702 /* SceneDelegate.swift in Sources */,
				5C2C60BA29092BCD00BE6C00 /* RecentDataModel.swift in Sources */,
				D3E387B82902865500AFE101 /* Stasiun.swift in Sources */,
				D3CCF73A291ADF1A0009E0B5 /* Gradient.swift in Sources */,
			);
			runOnlyForDeploymentPostprocessing = 0;
		};
		D388131928F563920062C702 /* Sources */ = {
			isa = PBXSourcesBuildPhase;
			buildActionMask = 2147483647;
			files = (
				D388132228F563920062C702 /* TujuTests.swift in Sources */,
			);
			runOnlyForDeploymentPostprocessing = 0;
		};
		D388132328F563920062C702 /* Sources */ = {
			isa = PBXSourcesBuildPhase;
			buildActionMask = 2147483647;
			files = (
				D388132E28F563920062C702 /* TujuUITestsLaunchTests.swift in Sources */,
				D388132C28F563920062C702 /* TujuUITests.swift in Sources */,
			);
			runOnlyForDeploymentPostprocessing = 0;
		};
/* End PBXSourcesBuildPhase section */

/* Begin PBXTargetDependency section */
		D388131F28F563920062C702 /* PBXTargetDependency */ = {
			isa = PBXTargetDependency;
			target = D388130328F563910062C702 /* Tuju */;
			targetProxy = D388131E28F563920062C702 /* PBXContainerItemProxy */;
		};
		D388132928F563920062C702 /* PBXTargetDependency */ = {
			isa = PBXTargetDependency;
			target = D388130328F563910062C702 /* Tuju */;
			targetProxy = D388132828F563920062C702 /* PBXContainerItemProxy */;
		};
/* End PBXTargetDependency section */

/* Begin PBXVariantGroup section */
		D388130D28F563910062C702 /* Main.storyboard */ = {
			isa = PBXVariantGroup;
			children = (
				D388130E28F563910062C702 /* Base */,
			);
			name = Main.storyboard;
			sourceTree = "<group>";
		};
		D388131528F563920062C702 /* LaunchScreen.storyboard */ = {
			isa = PBXVariantGroup;
			children = (
				D388131628F563920062C702 /* Base */,
			);
			name = LaunchScreen.storyboard;
			sourceTree = "<group>";
		};
/* End PBXVariantGroup section */

/* Begin XCBuildConfiguration section */
		D388132F28F563920062C702 /* Debug */ = {
			isa = XCBuildConfiguration;
			buildSettings = {
				ALWAYS_SEARCH_USER_PATHS = NO;
				CLANG_ANALYZER_NONNULL = YES;
				CLANG_ANALYZER_NUMBER_OBJECT_CONVERSION = YES_AGGRESSIVE;
				CLANG_CXX_LANGUAGE_STANDARD = "gnu++20";
				CLANG_ENABLE_MODULES = YES;
				CLANG_ENABLE_OBJC_ARC = YES;
				CLANG_ENABLE_OBJC_WEAK = YES;
				CLANG_WARN_BLOCK_CAPTURE_AUTORELEASING = YES;
				CLANG_WARN_BOOL_CONVERSION = YES;
				CLANG_WARN_COMMA = YES;
				CLANG_WARN_CONSTANT_CONVERSION = YES;
				CLANG_WARN_DEPRECATED_OBJC_IMPLEMENTATIONS = YES;
				CLANG_WARN_DIRECT_OBJC_ISA_USAGE = YES_ERROR;
				CLANG_WARN_DOCUMENTATION_COMMENTS = YES;
				CLANG_WARN_EMPTY_BODY = YES;
				CLANG_WARN_ENUM_CONVERSION = YES;
				CLANG_WARN_INFINITE_RECURSION = YES;
				CLANG_WARN_INT_CONVERSION = YES;
				CLANG_WARN_NON_LITERAL_NULL_CONVERSION = YES;
				CLANG_WARN_OBJC_IMPLICIT_RETAIN_SELF = YES;
				CLANG_WARN_OBJC_LITERAL_CONVERSION = YES;
				CLANG_WARN_OBJC_ROOT_CLASS = YES_ERROR;
				CLANG_WARN_QUOTED_INCLUDE_IN_FRAMEWORK_HEADER = YES;
				CLANG_WARN_RANGE_LOOP_ANALYSIS = YES;
				CLANG_WARN_STRICT_PROTOTYPES = YES;
				CLANG_WARN_SUSPICIOUS_MOVE = YES;
				CLANG_WARN_UNGUARDED_AVAILABILITY = YES_AGGRESSIVE;
				CLANG_WARN_UNREACHABLE_CODE = YES;
				CLANG_WARN__DUPLICATE_METHOD_MATCH = YES;
				COPY_PHASE_STRIP = NO;
				DEBUG_INFORMATION_FORMAT = dwarf;
				ENABLE_STRICT_OBJC_MSGSEND = YES;
				ENABLE_TESTABILITY = YES;
				EXCLUDED_ARCHS = arm64;
				GCC_C_LANGUAGE_STANDARD = gnu11;
				GCC_DYNAMIC_NO_PIC = NO;
				GCC_NO_COMMON_BLOCKS = YES;
				GCC_OPTIMIZATION_LEVEL = 0;
				GCC_PREPROCESSOR_DEFINITIONS = (
					"DEBUG=1",
					"$(inherited)",
				);
				GCC_WARN_64_TO_32_BIT_CONVERSION = YES;
				GCC_WARN_ABOUT_RETURN_TYPE = YES_ERROR;
				GCC_WARN_UNDECLARED_SELECTOR = YES;
				GCC_WARN_UNINITIALIZED_AUTOS = YES_AGGRESSIVE;
				GCC_WARN_UNUSED_FUNCTION = YES;
				GCC_WARN_UNUSED_VARIABLE = YES;
				IPHONEOS_DEPLOYMENT_TARGET = 16.0;
				MTL_ENABLE_DEBUG_INFO = INCLUDE_SOURCE;
				MTL_FAST_MATH = YES;
				ONLY_ACTIVE_ARCH = YES;
				SDKROOT = iphoneos;
				SWIFT_ACTIVE_COMPILATION_CONDITIONS = DEBUG;
				SWIFT_OPTIMIZATION_LEVEL = "-Onone";
			};
			name = Debug;
		};
		D388133028F563920062C702 /* Release */ = {
			isa = XCBuildConfiguration;
			buildSettings = {
				ALWAYS_SEARCH_USER_PATHS = NO;
				CLANG_ANALYZER_NONNULL = YES;
				CLANG_ANALYZER_NUMBER_OBJECT_CONVERSION = YES_AGGRESSIVE;
				CLANG_CXX_LANGUAGE_STANDARD = "gnu++20";
				CLANG_ENABLE_MODULES = YES;
				CLANG_ENABLE_OBJC_ARC = YES;
				CLANG_ENABLE_OBJC_WEAK = YES;
				CLANG_WARN_BLOCK_CAPTURE_AUTORELEASING = YES;
				CLANG_WARN_BOOL_CONVERSION = YES;
				CLANG_WARN_COMMA = YES;
				CLANG_WARN_CONSTANT_CONVERSION = YES;
				CLANG_WARN_DEPRECATED_OBJC_IMPLEMENTATIONS = YES;
				CLANG_WARN_DIRECT_OBJC_ISA_USAGE = YES_ERROR;
				CLANG_WARN_DOCUMENTATION_COMMENTS = YES;
				CLANG_WARN_EMPTY_BODY = YES;
				CLANG_WARN_ENUM_CONVERSION = YES;
				CLANG_WARN_INFINITE_RECURSION = YES;
				CLANG_WARN_INT_CONVERSION = YES;
				CLANG_WARN_NON_LITERAL_NULL_CONVERSION = YES;
				CLANG_WARN_OBJC_IMPLICIT_RETAIN_SELF = YES;
				CLANG_WARN_OBJC_LITERAL_CONVERSION = YES;
				CLANG_WARN_OBJC_ROOT_CLASS = YES_ERROR;
				CLANG_WARN_QUOTED_INCLUDE_IN_FRAMEWORK_HEADER = YES;
				CLANG_WARN_RANGE_LOOP_ANALYSIS = YES;
				CLANG_WARN_STRICT_PROTOTYPES = YES;
				CLANG_WARN_SUSPICIOUS_MOVE = YES;
				CLANG_WARN_UNGUARDED_AVAILABILITY = YES_AGGRESSIVE;
				CLANG_WARN_UNREACHABLE_CODE = YES;
				CLANG_WARN__DUPLICATE_METHOD_MATCH = YES;
				COPY_PHASE_STRIP = NO;
				DEBUG_INFORMATION_FORMAT = "dwarf-with-dsym";
				ENABLE_NS_ASSERTIONS = NO;
				ENABLE_STRICT_OBJC_MSGSEND = YES;
				EXCLUDED_ARCHS = arm64;
				GCC_C_LANGUAGE_STANDARD = gnu11;
				GCC_NO_COMMON_BLOCKS = YES;
				GCC_WARN_64_TO_32_BIT_CONVERSION = YES;
				GCC_WARN_ABOUT_RETURN_TYPE = YES_ERROR;
				GCC_WARN_UNDECLARED_SELECTOR = YES;
				GCC_WARN_UNINITIALIZED_AUTOS = YES_AGGRESSIVE;
				GCC_WARN_UNUSED_FUNCTION = YES;
				GCC_WARN_UNUSED_VARIABLE = YES;
				IPHONEOS_DEPLOYMENT_TARGET = 16.0;
				MTL_ENABLE_DEBUG_INFO = NO;
				MTL_FAST_MATH = YES;
				ONLY_ACTIVE_ARCH = YES;
				SDKROOT = iphoneos;
				SWIFT_COMPILATION_MODE = wholemodule;
				SWIFT_OPTIMIZATION_LEVEL = "-O";
				VALIDATE_PRODUCT = YES;
			};
			name = Release;
		};
		D388133228F563920062C702 /* Debug */ = {
			isa = XCBuildConfiguration;
			baseConfigurationReference = E0758FED75FFFE65F804F56F /* Pods-Tuju.debug.xcconfig */;
			buildSettings = {
				ASSETCATALOG_COMPILER_APPICON_NAME = AppIcon;
				ASSETCATALOG_COMPILER_GLOBAL_ACCENT_COLOR_NAME = AccentColor;
				CODE_SIGN_STYLE = Automatic;
				CURRENT_PROJECT_VERSION = 1;
				DEVELOPMENT_TEAM = 57324CTP27;
				EXCLUDED_ARCHS = "";
				GENERATE_INFOPLIST_FILE = YES;
				INFOPLIST_FILE = Tuju/Info.plist;
				INFOPLIST_KEY_NSLocationAlwaysAndWhenInUseUsageDescription = "Your location is needed for the Tuju App to function normally.";
				INFOPLIST_KEY_NSLocationAlwaysUsageDescription = "Your location is needed for the Tuju App to function normally.";
				INFOPLIST_KEY_NSLocationWhenInUseUsageDescription = "Your location is needed for the Tuju App to function normally.";
				INFOPLIST_KEY_UIApplicationSupportsIndirectInputEvents = YES;
				INFOPLIST_KEY_UILaunchStoryboardName = LaunchScreen.storyboard;
				INFOPLIST_KEY_UIMainStoryboardFile = Main;
				INFOPLIST_KEY_UIRequiresFullScreen = YES;
				INFOPLIST_KEY_UISupportedInterfaceOrientations = UIInterfaceOrientationPortrait;
				LD_RUNPATH_SEARCH_PATHS = (
					"$(inherited)",
					"@executable_path/Frameworks",
				);
				MARKETING_VERSION = 0.1.0;
				ONLY_ACTIVE_ARCH = YES;
				PRODUCT_BUNDLE_IDENTIFIER = com.centsu.Tuju;
				PRODUCT_NAME = "$(TARGET_NAME)";
				SWIFT_EMIT_LOC_STRINGS = YES;
				SWIFT_VERSION = 5.0;
				TARGETED_DEVICE_FAMILY = "1,2";
			};
			name = Debug;
		};
		D388133328F563920062C702 /* Release */ = {
			isa = XCBuildConfiguration;
			baseConfigurationReference = C0AFF78C1272E478602BD951 /* Pods-Tuju.release.xcconfig */;
			buildSettings = {
				ASSETCATALOG_COMPILER_APPICON_NAME = AppIcon;
				ASSETCATALOG_COMPILER_GLOBAL_ACCENT_COLOR_NAME = AccentColor;
				CODE_SIGN_STYLE = Automatic;
				CURRENT_PROJECT_VERSION = 1;
				DEVELOPMENT_TEAM = 57324CTP27;
				EXCLUDED_ARCHS = "";
				GENERATE_INFOPLIST_FILE = YES;
				INFOPLIST_FILE = Tuju/Info.plist;
				INFOPLIST_KEY_NSLocationAlwaysAndWhenInUseUsageDescription = "Your location is needed for the Tuju App to function normally.";
				INFOPLIST_KEY_NSLocationAlwaysUsageDescription = "Your location is needed for the Tuju App to function normally.";
				INFOPLIST_KEY_NSLocationWhenInUseUsageDescription = "Your location is needed for the Tuju App to function normally.";
				INFOPLIST_KEY_UIApplicationSupportsIndirectInputEvents = YES;
				INFOPLIST_KEY_UILaunchStoryboardName = LaunchScreen.storyboard;
				INFOPLIST_KEY_UIMainStoryboardFile = Main;
				INFOPLIST_KEY_UIRequiresFullScreen = YES;
				INFOPLIST_KEY_UISupportedInterfaceOrientations = UIInterfaceOrientationPortrait;
				LD_RUNPATH_SEARCH_PATHS = (
					"$(inherited)",
					"@executable_path/Frameworks",
				);
				MARKETING_VERSION = 0.1.0;
				ONLY_ACTIVE_ARCH = YES;
				PRODUCT_BUNDLE_IDENTIFIER = com.centsu.Tuju;
				PRODUCT_NAME = "$(TARGET_NAME)";
				SWIFT_EMIT_LOC_STRINGS = YES;
				SWIFT_VERSION = 5.0;
				TARGETED_DEVICE_FAMILY = "1,2";
			};
			name = Release;
		};
		D388133528F563920062C702 /* Debug */ = {
			isa = XCBuildConfiguration;
			baseConfigurationReference = 8F27D5C288BDFB6A7205FEA9 /* Pods-TujuTests.debug.xcconfig */;
			buildSettings = {
				ALWAYS_EMBED_SWIFT_STANDARD_LIBRARIES = YES;
				BUNDLE_LOADER = "$(TEST_HOST)";
				CODE_SIGN_STYLE = Automatic;
				CURRENT_PROJECT_VERSION = 1;
				DEVELOPMENT_TEAM = 57324CTP27;
				GENERATE_INFOPLIST_FILE = YES;
				IPHONEOS_DEPLOYMENT_TARGET = 16.0;
				MARKETING_VERSION = 1.0;
				PRODUCT_BUNDLE_IDENTIFIER = com.centsu.TujuTests;
				PRODUCT_NAME = "$(TARGET_NAME)";
				SWIFT_EMIT_LOC_STRINGS = NO;
				SWIFT_VERSION = 5.0;
				TARGETED_DEVICE_FAMILY = "1,2";
				TEST_HOST = "$(BUILT_PRODUCTS_DIR)/Tuju.app/$(BUNDLE_EXECUTABLE_FOLDER_PATH)/Tuju";
			};
			name = Debug;
		};
		D388133628F563920062C702 /* Release */ = {
			isa = XCBuildConfiguration;
			baseConfigurationReference = DC834DAB37C140B83DDA639A /* Pods-TujuTests.release.xcconfig */;
			buildSettings = {
				ALWAYS_EMBED_SWIFT_STANDARD_LIBRARIES = YES;
				BUNDLE_LOADER = "$(TEST_HOST)";
				CODE_SIGN_STYLE = Automatic;
				CURRENT_PROJECT_VERSION = 1;
				DEVELOPMENT_TEAM = 57324CTP27;
				GENERATE_INFOPLIST_FILE = YES;
				IPHONEOS_DEPLOYMENT_TARGET = 16.0;
				MARKETING_VERSION = 1.0;
				PRODUCT_BUNDLE_IDENTIFIER = com.centsu.TujuTests;
				PRODUCT_NAME = "$(TARGET_NAME)";
				SWIFT_EMIT_LOC_STRINGS = NO;
				SWIFT_VERSION = 5.0;
				TARGETED_DEVICE_FAMILY = "1,2";
				TEST_HOST = "$(BUILT_PRODUCTS_DIR)/Tuju.app/$(BUNDLE_EXECUTABLE_FOLDER_PATH)/Tuju";
			};
			name = Release;
		};
		D388133828F563920062C702 /* Debug */ = {
			isa = XCBuildConfiguration;
			baseConfigurationReference = 19BF83D4D5B76B296EB077E2 /* Pods-Tuju-TujuUITests.debug.xcconfig */;
			buildSettings = {
				ALWAYS_EMBED_SWIFT_STANDARD_LIBRARIES = YES;
				CODE_SIGN_STYLE = Automatic;
				CURRENT_PROJECT_VERSION = 1;
				DEVELOPMENT_TEAM = 57324CTP27;
				GENERATE_INFOPLIST_FILE = YES;
				MARKETING_VERSION = 1.0;
				PRODUCT_BUNDLE_IDENTIFIER = com.centsu.TujuUITests;
				PRODUCT_NAME = "$(TARGET_NAME)";
				SWIFT_EMIT_LOC_STRINGS = NO;
				SWIFT_VERSION = 5.0;
				TARGETED_DEVICE_FAMILY = "1,2";
				TEST_TARGET_NAME = Tuju;
			};
			name = Debug;
		};
		D388133928F563920062C702 /* Release */ = {
			isa = XCBuildConfiguration;
			baseConfigurationReference = 806AEBBF20D6FF35AFEE0958 /* Pods-Tuju-TujuUITests.release.xcconfig */;
			buildSettings = {
				ALWAYS_EMBED_SWIFT_STANDARD_LIBRARIES = YES;
				CODE_SIGN_STYLE = Automatic;
				CURRENT_PROJECT_VERSION = 1;
				DEVELOPMENT_TEAM = 57324CTP27;
				GENERATE_INFOPLIST_FILE = YES;
				MARKETING_VERSION = 1.0;
				PRODUCT_BUNDLE_IDENTIFIER = com.centsu.TujuUITests;
				PRODUCT_NAME = "$(TARGET_NAME)";
				SWIFT_EMIT_LOC_STRINGS = NO;
				SWIFT_VERSION = 5.0;
				TARGETED_DEVICE_FAMILY = "1,2";
				TEST_TARGET_NAME = Tuju;
			};
			name = Release;
		};
/* End XCBuildConfiguration section */

/* Begin XCConfigurationList section */
		D38812FF28F563910062C702 /* Build configuration list for PBXProject "Tuju" */ = {
			isa = XCConfigurationList;
			buildConfigurations = (
				D388132F28F563920062C702 /* Debug */,
				D388133028F563920062C702 /* Release */,
			);
			defaultConfigurationIsVisible = 0;
			defaultConfigurationName = Release;
		};
		D388133128F563920062C702 /* Build configuration list for PBXNativeTarget "Tuju" */ = {
			isa = XCConfigurationList;
			buildConfigurations = (
				D388133228F563920062C702 /* Debug */,
				D388133328F563920062C702 /* Release */,
			);
			defaultConfigurationIsVisible = 0;
			defaultConfigurationName = Release;
		};
		D388133428F563920062C702 /* Build configuration list for PBXNativeTarget "TujuTests" */ = {
			isa = XCConfigurationList;
			buildConfigurations = (
				D388133528F563920062C702 /* Debug */,
				D388133628F563920062C702 /* Release */,
			);
			defaultConfigurationIsVisible = 0;
			defaultConfigurationName = Release;
		};
		D388133728F563920062C702 /* Build configuration list for PBXNativeTarget "TujuUITests" */ = {
			isa = XCConfigurationList;
			buildConfigurations = (
				D388133828F563920062C702 /* Debug */,
				D388133928F563920062C702 /* Release */,
			);
			defaultConfigurationIsVisible = 0;
			defaultConfigurationName = Release;
		};
/* End XCConfigurationList section */

/* Begin XCRemoteSwiftPackageReference section */
		752FC91528F9367E00FBA82F /* XCRemoteSwiftPackageReference "FloatingPanel" */ = {
			isa = XCRemoteSwiftPackageReference;
			repositoryURL = "https://github.com/SCENEE/FloatingPanel.git";
			requirement = {
				kind = versionRange;
				maximumVersion = 3.0.0;
				minimumVersion = 2.0.0;
			};
		};
		7545C36D291D676900AD62FC /* XCRemoteSwiftPackageReference "GoogleMaps-SP" */ = {
			isa = XCRemoteSwiftPackageReference;
			repositoryURL = "https://github.com/YAtechnologies/GoogleMaps-SP.git";
			requirement = {
				branch = main;
				kind = branch;
			};
		};
/* End XCRemoteSwiftPackageReference section */

/* Begin XCVersionGroup section */
		D388131028F563910062C702 /* Tuju.xcdatamodeld */ = {
			isa = XCVersionGroup;
			children = (
				D388131128F563910062C702 /* Tuju.xcdatamodel */,
			);
			currentVersion = D388131128F563910062C702 /* Tuju.xcdatamodel */;
			path = Tuju.xcdatamodeld;
			sourceTree = "<group>";
			versionGroupType = wrapper.xcdatamodel;
		};
/* End XCVersionGroup section */
	};
	rootObject = D38812FC28F563910062C702 /* Project object */;
}
