{
  "pins" : [
    {
      "identity" : "floatingpanel",
      "kind" : "remoteSourceControl",
      "location" : "https://github.com/SCENEE/FloatingPanel.git",
      "state" : {
        "revision" : "b00a05b9ed7717da0e5ce1b760e27ffcbaddd333",
        "version" : "2.5.4"
      }
    }
  ],
  "version" : 2
}
